<?xml version="1.0" encoding="UTF-8" standalone="yes" ?>
<CodeBlocks_project_file>
	<FileVersion major="1" minor="6" />
	<Project>
		<Option title="ProCIRCd" />
		<Option pch_mode="2" />
		<Option compiler="gcc" />
		<Build>
			<Target title="Debug">
				<Option output="bin/Debug/ProCIRCd" prefix_auto="1" extension_auto="1" />
				<Option object_output="obj/Debug/" />
				<Option type="1" />
				<Option compiler="gcc" />
				<Compiler>
					<Add option="-g" />
				</Compiler>
			</Target>
			<Target title="Release">
				<Option output="bin/Release/ProCIRCd" prefix_auto="1" extension_auto="1" />
				<Option object_output="obj/Release/" />
				<Option type="1" />
				<Option compiler="gcc" />
				<Compiler>
					<Add option="-O2" />
				</Compiler>
				<Linker>
					<Add option="-s" />
				</Linker>
			</Target>
			<Target title="Check (Linux)">
				<Option platforms="Unix;" />
				<Option output="bin/Test/ProCIRCdCheck" prefix_auto="1" extension_auto="1" />
				<Option object_output="obj/Test" />
				<Option type="1" />
				<Option compiler="gcc" />
				<Compiler>
					<Add option="-pedantic" />
					<Add option="-Wall" />
					<Add option="-g" />
					<Add option="-DUSE_SYNCBUFF" />
					<Add option="-DxDEBUG_SYNCBUFF" />
					<Add option="-DUSE_HEATSHRINK" />
					<Add option="-DUSE_B64" />
					<Add option="-DDEBUG" />
					<Add option="-DUSE_FILE_CACHE" />
				</Compiler>
				<Linker>
					<Add library="check_pic" />
					<Add library="pthread" />
					<Add library="rt" />
					<Add library="m" />
				</Linker>
			</Target>
			<Target title="Strict (Linux-Allegro4)">
				<Option platforms="Unix;" />
				<Option output="bin/Debug/ProCIRCd" prefix_auto="1" extension_auto="1" />
				<Option object_output="obj/Debug/" />
				<Option type="1" />
				<Option compiler="gcc" />
				<Compiler>
					<Add option="-Wshadow" />
					<Add option="-Winit-self" />
					<Add option="-Wredundant-decls" />
					<Add option="-Winline" />
					<Add option="-Wunreachable-code" />
					<Add option="-Wmissing-declarations" />
					<Add option="-Wswitch-enum" />
					<Add option="-pedantic" />
					<Add option="-Wextra" />
					<Add option="-pg" />
					<Add option="-g" />
					<Add option="-Wstack-protector" />
					<Add option="-fstack-protector-all" />
					<Add option="-fsanitize=undefined" />
					<Add option="-ggdb3" />
					<Add option="-fvar-tracking" />
					<Add option="-std=gnu99" />
					<Add option="-DUSE_ALLEGRO" />
					<Add option="-DDEBUG" />
					<Add option="-DxUSE_ALLEGRO_PNG" />
					<Add option="-DxUSE_NETWORK" />
					<Add option="-DxDEBUG_NETWORK" />
					<Add option="-DUSE_SYNCBUFF" />
					<Add option="-DUSE_FILE_CACHE" />
					<Add option="-DxUSE_ALLEGRO_GIF" />
					<Add option="-DUSE_HEATSHRINK" />
					<Add option="-DUSE_B64" />
					<Add option="-DUSE_CHUNKS" />
				</Compiler>
				<Linker>
					<Add option="-pg" />
					<Add library="alleg" />
					<Add library="ubsan" />
				</Linker>
			</Target>
			<Target title="Debug (MingW32)">
				<Option platforms="Windows;Unix;" />
				<Option output="bin/Debug-MingW32/ProCIRCd" prefix_auto="1" extension_auto="1" />
				<Option object_output="obj/Debug-MingW32/" />
				<Option type="0" />
				<Option compiler="mingw32_gnu_gcc_compiler" />
				<Compiler>
					<Add option="-Wshadow" />
					<Add option="-Winit-self" />
					<Add option="-Wredundant-decls" />
					<Add option="-Wcast-align" />
					<Add option="-Winline" />
					<Add option="-Wunreachable-code" />
					<Add option="-Wmissing-declarations" />
					<Add option="-pg" />
					<Add option="-g" />
					<Add option="-std=gnu99" />
					<Add option="-DDEBUG" />
					<Add option="-DxUSE_NETWORK" />
					<Add option="-DxDEBUG_NETWORK" />
					<Add option="-DUSE_SYNCBUFF" />
					<Add option="-DUSE_FILE_CACHE" />
					<Add option="-DUSE_CHUNKS" />
					<Add option="-DEZXML_NOMMAP" />
				</Compiler>
				<Linker>
					<Add option="-pg" />
					<Add library="gdi32" />
				</Linker>
			</Target>
			<Target title="Debug (Linux-Curses)">
				<Option platforms="Unix;" />
				<Option output="bin/Debug/ProCIRCd" prefix_auto="1" extension_auto="1" />
				<Option object_output="obj/Debug/" />
				<Option type="1" />
				<Option compiler="gcc" />
				<Compiler>
					<Add option="-pg" />
					<Add option="-g" />
					<Add option="-std=gnu99" />
					<Add option="-DUSE_CURSES" />
					<Add option="-DDEBUG" />
					<Add option="-DUSE_SYNCBUFF" />
					<Add option="-DUSE_FILE_CACHE" />
					<Add option="-DSCAFFOLD_LOG_FILE" />
					<Add option="-DUSE_CHUNKS" />
				</Compiler>
				<Linker>
					<Add option="-pg" />
					<Add library="curses" />
				</Linker>
			</Target>
			<Target title="Debug (Linux-Allegro4)">
				<Option platforms="Unix;" />
				<Option output="bin/Debug/ProCIRCd" prefix_auto="1" extension_auto="1" />
				<Option object_output="obj/Debug/" />
				<Option type="1" />
				<Option compiler="gcc" />
				<Compiler>
					<Add option="-Wshadow" />
					<Add option="-Winit-self" />
					<Add option="-Wredundant-decls" />
					<Add option="-Wcast-align" />
					<Add option="-Winline" />
					<Add option="-Wunreachable-code" />
					<Add option="-Wmissing-declarations" />
					<Add option="-pg" />
					<Add option="-g" />
					<Add option="-std=gnu99" />
					<Add option="-Wstack-protector" />
					<Add option="-fstack-protector-all" />
					<Add option="-fsanitize=undefined" />
					<Add option="-ggdb3" />
					<Add option="-fvar-tracking" />
					<Add option="-DUSE_ALLEGRO" />
					<Add option="-DDEBUG" />
					<Add option="-DxUSE_ALLEGRO_PNG" />
					<Add option="-DxUSE_NETWORK" />
					<Add option="-DxDEBUG_NETWORK" />
					<Add option="-DUSE_SYNCBUFF" />
					<Add option="-DUSE_FILE_CACHE" />
					<Add option="-DxUSE_HEATSHRINK" />
					<Add option="-DDEBUG_TILES" />
					<Add option="-DxUSE_INLINE" />
					<Add option="-DUSE_CHUNKS" />
				</Compiler>
				<Linker>
					<Add option="-pg" />
					<Add library="alleg" />
					<Add library="ubsan" />
				</Linker>
			</Target>
			<Target title="Debug (Linux-NET-Allegro4)">
				<Option platforms="Unix;" />
				<Option output="bin/Debug/ProCIRCd" prefix_auto="1" extension_auto="1" />
				<Option object_output="obj/Debug/" />
				<Option type="1" />
				<Option compiler="gcc" />
				<Compiler>
					<Add option="-Wshadow" />
					<Add option="-Winit-self" />
					<Add option="-Wredundant-decls" />
					<Add option="-Wcast-align" />
					<Add option="-Winline" />
					<Add option="-Wunreachable-code" />
					<Add option="-Wmissing-declarations" />
					<Add option="-pg" />
					<Add option="-g" />
					<Add option="-std=gnu99" />
					<Add option="-Wstack-protector" />
					<Add option="-fstack-protector-all" />
					<Add option="-fsanitize=undefined" />
					<Add option="-ggdb3" />
					<Add option="-fvar-tracking" />
					<Add option="-DUSE_ALLEGRO" />
					<Add option="-DDEBUG" />
					<Add option="-DUSE_NETWORK" />
					<Add option="-DxDEBUG_NETWORK" />
					<Add option="-DUSE_SYNCBUFF" />
					<Add option="-DUSE_FILE_CACHE" />
					<Add option="-DUSE_CHUNKS" />
					<Add option="-DUSE_RANDOM_PORT" />
					<Add option="-DxDEBUG_REF" />
					<Add option="-DUSE_CONNECT_DIALOG" />
				</Compiler>
				<Linker>
					<Add option="-pg" />
					<Add library="alleg" />
					<Add library="ubsan" />
				</Linker>
			</Target>
			<Target title="Debug (Linux-SHM-Allegro4)">
				<Option platforms="Unix;" />
				<Option output="bin/Debug/ProCIRCd" prefix_auto="1" extension_auto="1" />
				<Option object_output="obj/Debug/" />
				<Option type="1" />
				<Option compiler="gcc" />
				<Compiler>
					<Add option="-Wshadow" />
					<Add option="-Winit-self" />
					<Add option="-Wredundant-decls" />
					<Add option="-Wcast-align" />
					<Add option="-Winline" />
					<Add option="-Wunreachable-code" />
					<Add option="-Wmissing-declarations" />
					<Add option="-pg" />
					<Add option="-g" />
					<Add option="-DUSE_ALLEGRO" />
					<Add option="-DDEBUG" />
					<Add option="-DUSE_SYNCBUFF" />
					<Add option="-DUSE_SHM" />
				</Compiler>
				<Linker>
					<Add option="-pg" />
					<Add library="alleg" />
				</Linker>
			</Target>
			<Target title="Debug (Linux-Allegro4-CLANG)">
				<Option platforms="Unix;" />
				<Option output="bin/Debug-CLANG/ProCIRCd" prefix_auto="1" extension_auto="1" />
				<Option object_output="obj/Debug-CLANG/" />
				<Option type="1" />
				<Option compiler="clang" />
				<Compiler>
					<Add option="-ftrapv" />
					<Add option="-Wall" />
					<Add option="-g" />
					<Add option="-Winline" />
					<Add option="-Wunreachable-code" />
					<Add option="-Wmissing-declarations" />
					<Add option="-Wstack-protector -fstack-protector-all" />
					<Add option="-DUSE_ALLEGRO" />
					<Add option="-DDEBUG" />
					<Add option="-DUSE_ALLEGRO_PNG" />
					<Add option="-DxUSE_NETWORK" />
					<Add option="-DxDEBUG_NETWORK" />
					<Add option="-DUSE_SYNCBUFF" />
					<Add option="-DUSE_FILE_CACHE" />
					<Add option="-DUSE_HEATSHRINK" />
					<Add option="-DUSE_CHUNKS" />
				</Compiler>
				<Linker>
					<Add library="alleg" />
					<Add library="loadpng" />
				</Linker>
			</Target>
			<Target title="Debug (Linux-Allegro4-TCC)">
				<Option platforms="Unix;" />
				<Option output="bin/Debug-TCC/ProCIRCd" prefix_auto="1" extension_auto="1" />
				<Option object_output="obj/Debug-TCC/" />
				<Option type="1" />
				<Option compiler="tcc" />
				<Compiler>
					<Add option="-Wall" />
					<Add option="-g" />
					<Add option="-DDEBUG" />
					<Add option="-DUSE_ALLEGRO" />
					<Add option="-DxUSE_ALLEGRO_PNG" />
					<Add option="-DUSE_SYNCBUFF" />
					<Add option="-DUSE_CHUNKS" />
				</Compiler>
				<Linker>
					<Add library="alleg" />
				</Linker>
			</Target>
			<Target title="Debug (Linux-Curses-Threaded)">
				<Option platforms="Unix;" />
				<Option output="bin/Debug/ProCIRCd" prefix_auto="1" extension_auto="1" />
				<Option object_output="obj/Debug/" />
				<Option type="1" />
				<Option compiler="gcc" />
				<Compiler>
					<Add option="-g" />
					<Add option="-DGFX_CURSES" />
					<Add option="-DSCH_PTHREAD" />
					<Add option="-DUSE_CHUNKS" />
				</Compiler>
				<Linker>
					<Add library="curses" />
					<Add library="pthread" />
				</Linker>
			</Target>
			<Target title="Release (Linux-Allegro4)">
				<Option platforms="Unix;" />
				<Option output="bin/Release/ProCIRCd" prefix_auto="1" extension_auto="1" />
				<Option object_output="obj/Release/" />
				<Option type="0" />
				<Option compiler="gcc" />
				<Compiler>
					<Add option="-O2" />
					<Add option="-Wshadow" />
					<Add option="-Winit-self" />
					<Add option="-Wredundant-decls" />
					<Add option="-Wcast-align" />
					<Add option="-Winline" />
					<Add option="-Wunreachable-code" />
					<Add option="-Wmissing-declarations" />
					<Add option="-std=gnu99" />
					<Add option="-Wstack-protector" />
					<Add option="-fstack-protector-all" />
					<Add option="-fsanitize=undefined" />
					<Add option="-ggdb3" />
					<Add option="-fvar-tracking" />
					<Add option="-DUSE_ALLEGRO" />
					<Add option="-DxUSE_ALLEGRO_PNG" />
					<Add option="-DUSE_NETWORK" />
					<Add option="-DUSE_SYNCBUFF" />
					<Add option="-DUSE_FILE_CACHE" />
					<Add option="-DUSE_CHUNKS" />
				</Compiler>
				<Linker>
					<Add option="-s" />
					<Add library="alleg" />
					<Add library="ubsan" />
				</Linker>
			</Target>
			<Target title="Debug (MSDOS-BCC)">
				<Option platforms="Unix;" />
				<Option output="bin/Debug-BCC-MSDOS/ProCIRCd" prefix_auto="1" extension_auto="1" />
				<Option object_output="obj/Debug-BCC-MSDOS/" />
				<Option type="1" />
				<Option compiler="bruces_c_compiler" />
				<Compiler>
					<Add option="-Md" />
					<Add option="-3" />
					<Add option="-DUSE_ALLEGRO" />
					<Add option="-DDEBUG" />
					<Add option="-DxUSE_NETWORK" />
					<Add option="-DxDEBUG_NETWORK" />
					<Add option="-DUSE_SYNCBUFF" />
					<Add option="-DUSE_FILE_CACHE" />
					<Add option="-DxUSE_HEATSHRINK" />
					<Add option="-DDEBUG_TILES" />
				</Compiler>
				<Linker>
					<Add option="-Md" />
					<Add option="-3" />
					<Add library="alleg" />
					<Add library="ubsan" />
				</Linker>
			</Target>
		</Build>
		<Compiler>
			<Add option="-DEZXML_CSTR" />
			<Add option="-DxEZXML_EMBEDDED_IMAGES" />
			<Add option="-DUSE_EZXML" />
			<Add option="-DEZXML_NOMMAP" />
		</Compiler>
		<Unit filename="src/algif/algif.c">
			<Option compilerVar="CC" />
			<Option target="Debug (Linux-Allegro4-CLANG)" />
		</Unit>
		<Unit filename="src/algif/algif.h">
			<Option target="Debug (Linux-Allegro4-CLANG)" />
		</Unit>
		<Unit filename="src/algif/gif.c">
			<Option compilerVar="CC" />
			<Option target="Debug (Linux-Allegro4-CLANG)" />
		</Unit>
		<Unit filename="src/algif/gif.h">
			<Option target="Debug (Linux-Allegro4-CLANG)" />
		</Unit>
		<Unit filename="src/algif/lzw.c">
			<Option compilerVar="CC" />
			<Option target="Debug (Linux-Allegro4-CLANG)" />
		</Unit>
		<Unit filename="src/algif/lzw.h">
			<Option target="Debug (Linux-Allegro4-CLANG)" />
		</Unit>
		<Unit filename="src/b64.c">
			<Option compilerVar="CC" />
			<Option target="Debug" />
			<Option target="Release" />
			<Option target="Debug (Linux-Curses)" />
			<Option target="Debug (Linux-Curses-Threaded)" />
			<Option target="Debug (Linux-Allegro4)" />
			<Option target="Check (Linux)" />
			<Option target="Strict (Linux-Allegro4)" />
			<Option target="Debug (Linux-Allegro4-TCC)" />
			<Option target="Debug (Linux-Allegro4-CLANG)" />
			<Option target="Debug (MingW32)" />
			<Option target="Release (Linux-Allegro4)" />
			<Option target="Debug (Linux-NET-Allegro4)" />
			<Option target="Debug (MSDOS-BCC)" />
		</Unit>
		<Unit filename="src/b64.h">
			<Option target="Debug" />
			<Option target="Release" />
			<Option target="Debug (Linux-Curses)" />
			<Option target="Debug (Linux-Curses-Threaded)" />
			<Option target="Debug (Linux-Allegro4)" />
			<Option target="Check (Linux)" />
			<Option target="Strict (Linux-Allegro4)" />
			<Option target="Debug (Linux-Allegro4-TCC)" />
			<Option target="Debug (Linux-Allegro4-CLANG)" />
			<Option target="Debug (MingW32)" />
			<Option target="Release (Linux-Allegro4)" />
			<Option target="Debug (Linux-NET-Allegro4)" />
			<Option target="Debug (MSDOS-BCC)" />
		</Unit>
		<Unit filename="src/bstrlib/bstrlib.c">
			<Option compilerVar="CC" />
			<Option compiler="gcc" use="0" buildCommand="$compiler $includes -c $file -o $object" />
		</Unit>
		<Unit filename="src/bstrlib/bstrlib.h" />
		<Unit filename="src/callback.c">
			<Option compilerVar="CC" />
		</Unit>
		<Unit filename="src/callback.h" />
		<Unit filename="src/channel.c">
			<Option compilerVar="CC" />
		</Unit>
		<Unit filename="src/channel.h" />
		<Unit filename="src/chunker.c">
			<Option compilerVar="CC" />
			<Option target="Debug" />
			<Option target="Release" />
			<Option target="Debug (Linux-Curses)" />
			<Option target="Debug (Linux-Curses-Threaded)" />
			<Option target="Debug (Linux-Allegro4)" />
			<Option target="Check (Linux)" />
			<Option target="Strict (Linux-Allegro4)" />
			<Option target="Debug (Linux-Allegro4-TCC)" />
			<Option target="Debug (Linux-Allegro4-CLANG)" />
			<Option target="Debug (MingW32)" />
			<Option target="Release (Linux-Allegro4)" />
			<Option target="Debug (Linux-NET-Allegro4)" />
			<Option target="Debug (MSDOS-BCC)" />
		</Unit>
		<Unit filename="src/chunker.h">
			<Option target="Debug" />
			<Option target="Release" />
			<Option target="Debug (Linux-Curses)" />
			<Option target="Debug (Linux-Curses-Threaded)" />
			<Option target="Debug (Linux-Allegro4)" />
			<Option target="Check (Linux)" />
			<Option target="Strict (Linux-Allegro4)" />
			<Option target="Debug (Linux-Allegro4-TCC)" />
			<Option target="Debug (Linux-Allegro4-CLANG)" />
			<Option target="Debug (MingW32)" />
			<Option target="Release (Linux-Allegro4)" />
			<Option target="Debug (Linux-NET-Allegro4)" />
			<Option target="Debug (MSDOS-BCC)" />
		</Unit>
		<Unit filename="src/client.c">
			<Option compilerVar="CC" />
		</Unit>
		<Unit filename="src/client.h" />
		<Unit filename="src/connect.c">
			<Option compilerVar="CC" />
		</Unit>
		<Unit filename="src/connect.h" />
		<Unit filename="src/datafile.h" />
		<Unit filename="src/datafile/xml.c">
			<Option compilerVar="CC" />
		</Unit>
		<Unit filename="src/ezxml.c">
			<Option compilerVar="CC" />
		</Unit>
		<Unit filename="src/ezxml.h" />
		<Unit filename="src/graphics.c">
			<Option compilerVar="CC" />
		</Unit>
		<Unit filename="src/graphics.h" />
		<Unit filename="src/graphics/allegro.c">
			<Option compilerVar="CC" />
			<Option target="Debug (Linux-Allegro4)" />
			<Option target="Strict (Linux-Allegro4)" />
			<Option target="Debug (Linux-Allegro4-TCC)" />
			<Option target="Debug (Linux-Allegro4-CLANG)" />
			<Option target="Debug (Linux-SHM-Allegro4)" />
			<Option target="Release (Linux-Allegro4)" />
			<Option target="Debug (Linux-NET-Allegro4)" />
			<Option target="Debug (MSDOS-BCC)" />
		</Unit>
		<Unit filename="src/graphics/curses.c">
			<Option compilerVar="CC" />
			<Option target="Debug (Linux-Curses)" />
			<Option target="Debug (Linux-Curses-Threaded)" />
		</Unit>
		<Unit filename="src/graphics/null.c">
			<Option compilerVar="CC" />
			<Option target="Check (Linux)" />
		</Unit>
		<Unit filename="src/graphics/win32g.c">
			<Option compilerVar="CC" />
			<Option target="Debug (MingW32)" />
		</Unit>
		<Unit filename="src/hashmap.c">
			<Option compilerVar="CC" />
		</Unit>
		<Unit filename="src/hashmap.h" />
		<Unit filename="src/hs/hs_com.h" />
		<Unit filename="src/hs/hs_conf.h" />
		<Unit filename="src/hs/hsdecode.c">
			<Option compilerVar="CC" />
		</Unit>
		<Unit filename="src/hs/hsdecode.h" />
		<Unit filename="src/hs/hsencode.c">
			<Option compilerVar="CC" />
		</Unit>
		<Unit filename="src/hs/hsencode.h" />
		<Unit filename="src/input.h" />
		<Unit filename="src/input/allegro.c">
			<Option compilerVar="CC" />
			<Option target="Debug (Linux-Allegro4)" />
			<Option target="Strict (Linux-Allegro4)" />
			<Option target="Debug (Linux-Allegro4-TCC)" />
			<Option target="Debug (Linux-Allegro4-CLANG)" />
			<Option target="Debug (Linux-SHM-Allegro4)" />
			<Option target="Release (Linux-Allegro4)" />
			<Option target="Debug (Linux-NET-Allegro4)" />
			<Option target="Debug (MSDOS-BCC)" />
		</Unit>
		<Unit filename="src/input/curses.c">
			<Option compilerVar="CC" />
			<Option target="Debug (Linux-Curses)" />
			<Option target="Debug (Linux-Curses-Threaded)" />
		</Unit>
		<Unit filename="src/input/null.c">
			<Option compilerVar="CC" />
			<Option target="Check (Linux)" />
		</Unit>
		<Unit filename="src/input/win32i.c">
			<Option compilerVar="CC" />
			<Option target="Debug (MingW32)" />
		</Unit>
		<Unit filename="src/ipc/syncbuff.c">
			<Option compilerVar="CC" />
			<Option target="Debug" />
			<Option target="Release" />
			<Option target="Check (Linux)" />
			<Option target="Strict (Linux-Allegro4)" />
			<Option target="Debug (MingW32)" />
			<Option target="Debug (Linux-Curses)" />
			<Option target="Debug (Linux-Allegro4)" />
			<Option target="Debug (Linux-Allegro4-CLANG)" />
			<Option target="Debug (Linux-Allegro4-TCC)" />
			<Option target="Debug (Linux-Curses-Threaded)" />
			<Option target="Debug (Linux-SHM-Allegro4)" />
			<Option target="Release (Linux-Allegro4)" />
			<Option target="Debug (MSDOS-BCC)" />
		</Unit>
		<Unit filename="src/ipc/syncbuff.h">
			<Option target="Debug" />
			<Option target="Release" />
			<Option target="Check (Linux)" />
			<Option target="Strict (Linux-Allegro4)" />
			<Option target="Debug (MingW32)" />
			<Option target="Debug (Linux-Curses)" />
			<Option target="Debug (Linux-Allegro4)" />
			<Option target="Debug (Linux-Allegro4-CLANG)" />
			<Option target="Debug (Linux-Allegro4-TCC)" />
			<Option target="Debug (Linux-Curses-Threaded)" />
			<Option target="Debug (Linux-SHM-Allegro4)" />
			<Option target="Release (Linux-Allegro4)" />
			<Option target="Debug (MSDOS-BCC)" />
		</Unit>
		<Unit filename="src/main.c">
			<Option compilerVar="CC" />
			<Option target="Debug" />
			<Option target="Release" />
			<Option target="Debug (Linux-Curses)" />
			<Option target="Debug (Linux-Curses-Threaded)" />
			<Option target="Debug (Linux-Allegro4)" />
			<Option target="Strict (Linux-Allegro4)" />
			<Option target="Debug (Linux-Allegro4-TCC)" />
			<Option target="Debug (Linux-Allegro4-CLANG)" />
			<Option target="Debug (Linux-SHM-Allegro4)" />
			<Option target="Debug (MingW32)" />
			<Option target="Release (Linux-Allegro4)" />
			<Option target="Debug (Linux-NET-Allegro4)" />
			<Option target="Debug (MSDOS-BCC)" />
		</Unit>
		<Unit filename="src/mobile.c">
			<Option compilerVar="CC" />
		</Unit>
		<Unit filename="src/mobile.h" />
		<Unit filename="src/proto.c">
			<Option compilerVar="CC" />
		</Unit>
		<Unit filename="src/proto.h" />
		<Unit filename="src/proto/irc.c">
			<Option compilerVar="CC" />
		</Unit>
		<Unit filename="src/ref.h" />
		<Unit filename="src/scaffold.c">
			<Option compilerVar="CC" />
		</Unit>
		<Unit filename="src/scaffold.h" />
		<Unit filename="src/server.c">
			<Option compilerVar="CC" />
		</Unit>
		<Unit filename="src/server.h" />
		<Unit filename="src/stb/stb_image.h" />
		<Unit filename="src/tilemap.c">
			<Option compilerVar="CC" />
		</Unit>
		<Unit filename="src/tilemap.h" />
		<Unit filename="src/ui.h" />
		<Unit filename="src/ui/graphicu.c">
			<Option compilerVar="CC" />
			<Option target="Debug" />
			<Option target="Release" />
			<Option target="Check (Linux)" />
			<Option target="Strict (Linux-Allegro4)" />
			<Option target="Debug (Linux-Curses)" />
			<Option target="Debug (Linux-Allegro4)" />
			<Option target="Debug (Linux-NET-Allegro4)" />
			<Option target="Debug (Linux-SHM-Allegro4)" />
			<Option target="Debug (Linux-Allegro4-CLANG)" />
			<Option target="Debug (Linux-Allegro4-TCC)" />
			<Option target="Debug (Linux-Curses-Threaded)" />
			<Option target="Release (Linux-Allegro4)" />
			<Option target="Debug (MSDOS-BCC)" />
		</Unit>
		<Unit filename="src/ui/win32u.c">
			<Option compilerVar="CC" />
			<Option target="Debug (MingW32)" />
		</Unit>
		<Unit filename="src/vector.c">
			<Option compilerVar="CC" />
		</Unit>
		<Unit filename="src/vector.h" />
		<Unit filename="test/check_b64.c">
			<Option compilerVar="CC" />
			<Option target="Check (Linux)" />
		</Unit>
		<Unit filename="test/check_channel.c">
			<Option compilerVar="CC" />
			<Option target="Check (Linux)" />
		</Unit>
		<Unit filename="test/check_chunker.c">
			<Option compilerVar="CC" />
			<Option target="Check (Linux)" />
		</Unit>
		<Unit filename="test/check_client.c">
			<Option compilerVar="CC" />
			<Option target="Check (Linux)" />
		</Unit>
		<Unit filename="test/check_data.c">
			<Option compilerVar="CC" />
			<Option target="Check (Linux)" />
		</Unit>
		<Unit filename="test/check_data.h">
			<Option target="Check (Linux)" />
		</Unit>
		<Unit filename="test/check_hashmap.c">
			<Option compilerVar="CC" />
			<Option target="Check (Linux)" />
		</Unit>
		<Unit filename="test/check_main.c">
			<Option compilerVar="CC" />
			<Option target="Check (Linux)" />
		</Unit>
		<Unit filename="test/check_syncbuff.c">
			<Option compilerVar="CC" />
			<Option target="Check (Linux)" />
		</Unit>
		<Unit filename="test/check_vector.c">
			<Option compilerVar="CC" />
			<Option target="Check (Linux)" />
		</Unit>
		<Extensions>
			<code_completion />
			<debugger />
			<envvars set="check_no_fork" />
			<editor_config active="1" use_tabs="0" tab_indents="1" tab_width="3" indent="3" eol_mode="2" />
		</Extensions>
	</Project>
</CodeBlocks_project_file>
