<?xml version="1.0" encoding="UTF-8" standalone="yes" ?>
<CodeBlocks_project_file>
	<FileVersion major="1" minor="6" />
	<Project>
		<Option title="ProCIRCd" />
		<Option pch_mode="2" />
		<Option compiler="gcc" />
		<Build>
			<Target title="Debug">
				<Option output="bin/Debug/ProCIRCd" prefix_auto="1" extension_auto="1" />
				<Option object_output="obj/Debug/" />
				<Option type="1" />
				<Option compiler="gcc" />
				<Compiler>
					<Add option="-g" />
				</Compiler>
			</Target>
			<Target title="Release">
				<Option output="bin/Release/ProCIRCd" prefix_auto="1" extension_auto="1" />
				<Option object_output="obj/Release/" />
				<Option type="1" />
				<Option compiler="gcc" />
				<Compiler>
					<Add option="-O2" />
				</Compiler>
				<Linker>
					<Add option="-s" />
				</Linker>
			</Target>
			<Target title="Debug (Linux-Curses)">
				<Option platforms="Unix;" />
				<Option output="bin/Debug/ProCIRCd" prefix_auto="1" extension_auto="1" />
				<Option object_output="obj/Debug/" />
				<Option type="1" />
				<Option compiler="gcc" />
				<Compiler>
					<Add option="-pg" />
					<Add option="-g" />
					<Add option="-DUSE_CURSES" />
					<Add option="-DDEBUG" />
				</Compiler>
				<Linker>
					<Add option="-pg" />
					<Add library="curses" />
				</Linker>
			</Target>
			<Target title="Debug (Linux-Curses-Threaded)">
				<Option platforms="Unix;" />
				<Option output="bin/Debug/ProCIRCd" prefix_auto="1" extension_auto="1" />
				<Option object_output="obj/Debug/" />
				<Option type="1" />
				<Option compiler="gcc" />
				<Compiler>
					<Add option="-g" />
					<Add option="-DGFX_CURSES" />
					<Add option="-DSCH_PTHREAD" />
				</Compiler>
				<Linker>
					<Add library="curses" />
					<Add library="pthread" />
				</Linker>
			</Target>
			<Target title="Debug (Linux-Allegro4)">
				<Option platforms="Unix;" />
				<Option output="bin/Debug/ProCIRCd" prefix_auto="1" extension_auto="1" />
				<Option object_output="obj/Debug/" />
				<Option type="1" />
				<Option compiler="gcc" />
				<Compiler>
					<Add option="-pg" />
					<Add option="-g" />
					<Add option="-DUSE_ALLEGRO" />
					<Add option="-DDEBUG" />
					<Add option="-DEZXML_CSTR" />
					<Add option="-DMINIZ_NO_STDIO" />
					<Add option="-DUSE_ALLEGRO_PNG" />
					<Add option="-DxUSE_NETWORK" />
					<Add option="-DEZXML_EMBEDDED_IMAGES" />
				</Compiler>
				<Linker>
					<Add option="-pg" />
					<Add library="alleg" />
					<Add library="loadpng" />
				</Linker>
			</Target>
			<Target title="Debug (Linux-NoUI)">
				<Option platforms="Unix;" />
				<Option output="bin/Debug/ProCIRCd" prefix_auto="1" extension_auto="1" />
				<Option object_output="obj/Debug/" />
				<Option type="1" />
				<Option compiler="gcc" />
				<Compiler>
					<Add option="-pg" />
					<Add option="-g" />
					<Add option="-DDEBUG" />
					<Add option="-DEZXML_CSTR" />
					<Add option="-DMINIZ_NO_STDIO" />
				</Compiler>
				<Linker>
					<Add option="-pg" />
				</Linker>
			</Target>
			<Target title="Check (Linux)">
				<Option platforms="Unix;" />
				<Option output="bin/Test/ProCIRCdCheck" prefix_auto="1" extension_auto="1" />
				<Option object_output="obj/Test" />
				<Option type="1" />
				<Option compiler="gcc" />
				<Compiler>
					<Add option="-g" />
				</Compiler>
				<Linker>
					<Add library="check_pic" />
					<Add library="pthread" />
					<Add library="rt" />
					<Add library="m" />
				</Linker>
			</Target>
		</Build>
		<Compiler>
			<Add option="-Wall" />
		</Compiler>
		<Unit filename="src/b64/b64.c">
			<Option compilerVar="CC" />
		</Unit>
		<Unit filename="src/b64/b64.h" />
		<Unit filename="src/bstrlib/bstrlib.c">
			<Option compilerVar="CC" />
		</Unit>
		<Unit filename="src/bstrlib/bstrlib.h" />
		<Unit filename="src/callbacks.c">
			<Option compilerVar="CC" />
		</Unit>
		<Unit filename="src/callbacks.h" />
		<Unit filename="src/channel.c">
			<Option compilerVar="CC" />
		</Unit>
		<Unit filename="src/channel.h" />
		<Unit filename="src/chunker.c">
			<Option compilerVar="CC" />
		</Unit>
		<Unit filename="src/chunker.h" />
		<Unit filename="src/client.c">
			<Option compilerVar="CC" />
		</Unit>
		<Unit filename="src/client.h" />
		<Unit filename="src/connection.c">
			<Option compilerVar="CC" />
		</Unit>
		<Unit filename="src/connection.h" />
		<Unit filename="src/datafile.h" />
		<Unit filename="src/datafile/null.c">
			<Option compilerVar="CC" />
			<Option target="Debug (Linux-NoUI)" />
			<Option target="Check (Linux)" />
		</Unit>
		<Unit filename="src/datafile/xml.c">
			<Option compilerVar="CC" />
			<Option target="Debug" />
			<Option target="Release" />
			<Option target="Debug (Linux-Curses)" />
			<Option target="Debug (Linux-Curses-Threaded)" />
			<Option target="Debug (Linux-Allegro4)" />
		</Unit>
		<Unit filename="src/ezxml/ezxml.c">
			<Option compilerVar="CC" />
			<Option target="Debug" />
			<Option target="Release" />
			<Option target="Debug (Linux-Curses)" />
			<Option target="Debug (Linux-Curses-Threaded)" />
			<Option target="Debug (Linux-Allegro4)" />
			<Option target="Check (Linux)" />
		</Unit>
		<Unit filename="src/ezxml/ezxml.h">
			<Option target="Debug" />
			<Option target="Release" />
			<Option target="Debug (Linux-Curses)" />
			<Option target="Debug (Linux-Curses-Threaded)" />
			<Option target="Debug (Linux-Allegro4)" />
		</Unit>
		<Unit filename="src/gamedata.c">
			<Option compilerVar="CC" />
		</Unit>
		<Unit filename="src/gamedata.h" />
		<Unit filename="src/graphics.h" />
		<Unit filename="src/graphics/allegro.c">
			<Option compilerVar="CC" />
			<Option target="Debug (Linux-Allegro4)" />
		</Unit>
		<Unit filename="src/graphics/curses.c">
			<Option compilerVar="CC" />
			<Option target="Debug (Linux-Curses)" />
			<Option target="Debug (Linux-Curses-Threaded)" />
		</Unit>
		<Unit filename="src/graphics/null.c">
			<Option compilerVar="CC" />
			<Option target="Debug (Linux-NoUI)" />
			<Option target="Check (Linux)" />
		</Unit>
		<Unit filename="src/hashmap.c">
			<Option compilerVar="CC" />
		</Unit>
		<Unit filename="src/hashmap.h" />
		<Unit filename="src/heatshrink/heatshrink_config.h" />
		<Unit filename="src/heatshrink/heatshrink_decoder.c">
			<Option compilerVar="CC" />
		</Unit>
		<Unit filename="src/heatshrink/heatshrink_decoder.h" />
		<Unit filename="src/heatshrink/heatshrink_encoder.c">
			<Option compilerVar="CC" />
		</Unit>
		<Unit filename="src/heatshrink/heatshrink_encoder.h" />
		<Unit filename="src/input.h" />
		<Unit filename="src/input/allegro.c">
			<Option compilerVar="CC" />
			<Option target="Debug (Linux-Allegro4)" />
		</Unit>
		<Unit filename="src/input/curses.c">
			<Option compilerVar="CC" />
			<Option target="Debug (Linux-Curses)" />
			<Option target="Debug (Linux-Curses-Threaded)" />
		</Unit>
		<Unit filename="src/input/null.c">
			<Option compilerVar="CC" />
			<Option target="Debug (Linux-NoUI)" />
			<Option target="Check (Linux)" />
		</Unit>
		<Unit filename="src/irc.c">
			<Option compilerVar="CC" />
		</Unit>
		<Unit filename="src/irc.h" />
		<Unit filename="src/mailbox.c">
			<Option compilerVar="CC" />
		</Unit>
		<Unit filename="src/mailbox.h" />
		<Unit filename="src/main.c">
			<Option compilerVar="CC" />
			<Option target="Debug" />
			<Option target="Release" />
			<Option target="Debug (Linux-Curses)" />
			<Option target="Debug (Linux-Curses-Threaded)" />
			<Option target="Debug (Linux-Allegro4)" />
			<Option target="Debug (Linux-NoUI)" />
		</Unit>
		<Unit filename="src/ref.h" />
		<Unit filename="src/scaffold.c">
			<Option compilerVar="CC" />
		</Unit>
		<Unit filename="src/scaffold.h" />
		<Unit filename="src/server.c">
			<Option compilerVar="CC" />
		</Unit>
		<Unit filename="src/server.h" />
		<Unit filename="src/tilemap.c">
			<Option compilerVar="CC" />
		</Unit>
		<Unit filename="src/tilemap.h" />
		<Unit filename="src/ui.c">
			<Option compilerVar="CC" />
		</Unit>
		<Unit filename="src/ui.h" />
		<Unit filename="src/vector.c">
			<Option compilerVar="CC" />
		</Unit>
		<Unit filename="src/vector.h" />
		<Unit filename="test/check_b64.c">
			<Option compilerVar="CC" />
			<Option target="Check (Linux)" />
		</Unit>
		<Unit filename="test/check_channel.c">
			<Option compilerVar="CC" />
			<Option target="Check (Linux)" />
		</Unit>
		<Unit filename="test/check_chunker.c">
			<Option compilerVar="CC" />
			<Option target="Check (Linux)" />
		</Unit>
		<Unit filename="test/check_client.c">
			<Option compilerVar="CC" />
			<Option target="Check (Linux)" />
		</Unit>
		<Unit filename="test/check_data.c">
			<Option compilerVar="CC" />
			<Option target="Check (Linux)" />
		</Unit>
		<Unit filename="test/check_data.h">
			<Option target="Check (Linux)" />
		</Unit>
		<Unit filename="test/check_hashmap.c">
			<Option compilerVar="CC" />
			<Option target="Check (Linux)" />
		</Unit>
		<Unit filename="test/check_main.c">
			<Option compilerVar="CC" />
			<Option target="Check (Linux)" />
		</Unit>
		<Unit filename="test/check_vector.c">
			<Option compilerVar="CC" />
			<Option target="Check (Linux)" />
		</Unit>
		<Extensions>
			<code_completion />
			<debugger />
			<envvars set="check_no_fork" />
			<editor_config active="1" use_tabs="0" tab_indents="1" tab_width="3" indent="3" eol_mode="2" />
		</Extensions>
	</Project>
</CodeBlocks_project_file>
