<?xml version="1.0" encoding="UTF-8" standalone="yes" ?>
<CodeBlocks_project_file>
	<FileVersion major="1" minor="6" />
	<Project>
		<Option title="ProCIRCd" />
		<Option pch_mode="2" />
		<Option compiler="gcc" />
		<Option virtualFolders="src/;" />
		<Build>
			<Target title="Debug">
				<Option output="bin/Debug/ProCIRCd" prefix_auto="1" extension_auto="1" />
				<Option object_output="obj/Debug/" />
				<Option type="1" />
				<Option compiler="gcc" />
				<Compiler>
					<Add option="-g" />
				</Compiler>
			</Target>
			<Target title="Release">
				<Option output="bin/Release/ProCIRCd" prefix_auto="1" extension_auto="1" />
				<Option object_output="obj/Release/" />
				<Option type="1" />
				<Option compiler="gcc" />
				<Compiler>
					<Add option="-O2" />
				</Compiler>
				<Linker>
					<Add option="-s" />
				</Linker>
			</Target>
			<Target title="Check (Linux-C99)">
				<Option platforms="Unix;" />
				<Option output="bin/Test/ProCIRCdCheck-C99" prefix_auto="1" extension_auto="1" />
				<Option object_output="obj/Test-Linux-C99" />
				<Option type="1" />
				<Option compiler="gcc" />
				<Compiler>
					<Add option="-Winit-self" />
					<Add option="-Wundef" />
					<Add option="-Wunreachable-code" />
					<Add option="-Wmissing-declarations" />
					<Add option="-pedantic" />
					<Add option="-Wall" />
					<Add option="-std=c99" />
					<Add option="-g" />
					<Add option="-DxUSE_SYNCBUFF" />
					<Add option="-DxDEBUG_SYNCBUFF" />
					<Add option="-DDEBUG" />
					<Add option="-DUSE_FILE_CACHE" />
					<Add option="-DHEATSHRINK_DYNAMIC_ALLOC" />
					<Add option="-DUSE_NETWORK" />
					<Add option="-DENABLE_LOCAL_CLIENT" />
					<Add option="-DUSE_CRYPTO" />
					<Add option="-DUSE_COLORED_CONSOLE" />
					<Add option="-DDISABLE_BACKLOG" />
					<Add option="-DRAYCAST_OLD_DOUBLE" />
				</Compiler>
				<Linker>
					<Add library="check_pic" />
					<Add library="pthread" />
					<Add library="rt" />
					<Add library="m" />
				</Linker>
			</Target>
			<Target title="Check (Linux-C89)">
				<Option platforms="Unix;" />
				<Option output="bin/Test/ProCIRCdCheck-C89" prefix_auto="1" extension_auto="1" />
				<Option object_output="obj/Test-Linux-C89" />
				<Option type="1" />
				<Option compiler="gcc" />
				<Compiler>
					<Add option="-Winit-self" />
					<Add option="-Wundef" />
					<Add option="-Wunreachable-code" />
					<Add option="-Wmissing-declarations" />
					<Add option="-pedantic" />
					<Add option="-Wall" />
					<Add option="-g" />
					<Add option="-DxUSE_SYNCBUFF" />
					<Add option="-DxDEBUG_SYNCBUFF" />
					<Add option="-DDEBUG" />
					<Add option="-DUSE_FILE_CACHE" />
					<Add option="-DUSE_NETWORK" />
					<Add option="-DENABLE_LOCAL_CLIENT" />
					<Add option="-DUSE_COLORED_CONSOLE" />
					<Add option="-DDISABLE_BACKLOG" />
				</Compiler>
				<Linker>
					<Add library="check_pic" />
					<Add library="pthread" />
					<Add library="rt" />
					<Add library="m" />
				</Linker>
			</Target>
			<Target title="Strict (Linux-SB-Allegro4)">
				<Option platforms="Unix;" />
				<Option output="bin/Debug/sProCIRCd-SB-Allegro4" prefix_auto="1" extension_auto="1" />
				<Option object_output="obj/Debug-Linux-Allegro4-Strict/" />
				<Option type="1" />
				<Option compiler="gcc" />
				<Compiler>
					<Add option="-Wshadow" />
					<Add option="-Winit-self" />
					<Add option="-Wredundant-decls" />
					<Add option="-Wundef" />
					<Add option="-Winline" />
					<Add option="-Wunreachable-code" />
					<Add option="-Wmissing-declarations" />
					<Add option="-Wswitch-enum" />
					<Add option="-pedantic" />
					<Add option="-Wextra" />
					<Add option="-pg" />
					<Add option="-g" />
					<Add option="-Wstack-protector" />
					<Add option="-fstack-protector-all" />
					<Add option="-fsanitize=undefined" />
					<Add option="-ggdb3" />
					<Add option="-fvar-tracking" />
					<Add option="-DUSE_ALLEGRO" />
					<Add option="-DDEBUG" />
					<Add option="-DUSE_SYNCBUFF" />
					<Add option="-DENABLE_LOCAL_CLIENT" />
					<Add option="-DUSE_COLORED_CONSOLE" />
				</Compiler>
				<Linker>
					<Add option="-pg" />
					<Add library="alleg" />
					<Add library="ubsan" />
				</Linker>
			</Target>
			<Target title="Strict (Linux-NET-Allegro4)">
				<Option platforms="Unix;" />
				<Option output="bin/Debug/sProCIRCd-NET-Allegro4" prefix_auto="1" extension_auto="1" />
				<Option object_output="obj/Debug-Linux-Allegro4-Strict/" />
				<Option type="1" />
				<Option compiler="gcc" />
				<Compiler>
					<Add option="-Wshadow" />
					<Add option="-Winit-self" />
					<Add option="-Wredundant-decls" />
					<Add option="-Wundef" />
					<Add option="-Winline" />
					<Add option="-Wunreachable-code" />
					<Add option="-Wmissing-declarations" />
					<Add option="-Wswitch-enum" />
					<Add option="-pedantic" />
					<Add option="-Wextra" />
					<Add option="-pg" />
					<Add option="-g" />
					<Add option="-Wstack-protector" />
					<Add option="-fstack-protector-all" />
					<Add option="-fsanitize=undefined" />
					<Add option="-ggdb3" />
					<Add option="-fvar-tracking" />
					<Add option="-DUSE_ALLEGRO" />
					<Add option="-DDEBUG" />
					<Add option="-DxUSE_ALLEGRO_PNG" />
					<Add option="-DUSE_NETWORK" />
					<Add option="-DxDEBUG_NETWORK" />
					<Add option="-DUSE_FILE_CACHE" />
					<Add option="-DxUSE_ALLEGRO_GIF" />
					<Add option="-DUSE_HEATSHRINK" />
					<Add option="-DUSE_B64" />
					<Add option="-DxUSE_CHUNKS" />
					<Add option="-DENABLE_LOCAL_CLIENT" />
					<Add option="-DUSE_COLORED_CONSOLE" />
					<Add option="-DUSE_RANDOM_PORT" />
					<Add option="-DUSE_RAYCASTING" />
					<Add option="-DUSE_CONNECT_DIALOG" />
				</Compiler>
				<Linker>
					<Add option="-pg" />
					<Add library="alleg" />
					<Add library="ubsan" />
				</Linker>
			</Target>
			<Target title="Debug (MingW32-NET)">
				<Option platforms="Windows;Unix;" />
				<Option output="bin/Debug-MingW32/ProCIRCd-NET.exe" prefix_auto="1" extension_auto="0" />
				<Option object_output="obj/Debug-MingW32-NET/" />
				<Option type="0" />
				<Option compiler="mingw32_gnu_gcc_compiler" />
				<Compiler>
					<Add option="-g" />
					<Add option="-DGFX_CURSES" />
					<Add option="-DSCH_PTHREAD" />
					<Add option="-DUSE_CHUNKS" />
					<Add option="-DENABLE_LOCAL_CLIENT" />
				</Compiler>
				<Linker>
					<Add library="curses" />
					<Add library="pthread" />
				</Linker>
			</Target>
			<Target title="Debug (MingW32-NET-Allegro4)">
				<Option platforms="Windows;Unix;" />
				<Option output="bin/Debug-MingW32/ProCIRCd-NET-Allegro4.exe" prefix_auto="1" extension_auto="0" />
				<Option object_output="obj/Debug-MingW32-NET-Allegro4/" />
				<Option type="1" />
				<Option compiler="mingw32_gnu_gcc_compiler" />
				<Compiler>
					<Add option="-Wshadow" />
					<Add option="-Winit-self" />
					<Add option="-Wredundant-decls" />
					<Add option="-Wcast-align" />
					<Add option="-Winline" />
					<Add option="-Wunreachable-code" />
					<Add option="-Wmissing-declarations" />
					<Add option="-pg" />
					<Add option="-g" />
					<Add option="-std=gnu99" />
					<Add option="-DUSE_ALLEGRO" />
					<Add option="-DDEBUG" />
					<Add option="-DxDEBUG_NETWORK" />
					<Add option="-DUSE_FILE_CACHE" />
					<Add option="-DUSE_CHUNKS" />
					<Add option="-DUSE_RANDOM_PORT" />
					<Add option="-DxDEBUG_REF" />
					<Add option="-DUSE_CONNECT_DIALOG" />
					<Add option="-DDEBUG_TILES" />
					<Add option="-DUSE_SDL_IMAGE" />
					<Add option="-DxDEBUG_PALETTE" />
					<Add option="-DDEBUG_FPS" />
					<Add option="-DENABLE_LOCAL_CLIENT" />
					<Add option="-DUSE_DUKTAPE" />
					<Add option="-DUSE_TURNS" />
					<Add option="-DUSE_LEGACY_NETWORK" />
					<Add option="-DUSE_NETWORK" />
				</Compiler>
				<Linker>
					<Add option="-pg" />
					<Add library="alleg" />
					<Add library="ws2_32" />
					<Add library="mswsock" />
					<Add library="advapi32" />
				</Linker>
			</Target>
			<Target title="Debug (MingW32-NET-SDL)">
				<Option platforms="Windows;Unix;" />
				<Option output="bin/Debug-MingW32/ProCIRCd-NET-SDL.exe" prefix_auto="1" extension_auto="0" />
				<Option object_output="obj/Debug-MingW32-NET-SDL/" />
				<Option type="1" />
				<Option compiler="mingw32_gnu_gcc_compiler" />
				<Compiler>
					<Add option="-Wshadow" />
					<Add option="-Winit-self" />
					<Add option="-Wredundant-decls" />
					<Add option="-Wcast-align" />
					<Add option="-Winline" />
					<Add option="-Wunreachable-code" />
					<Add option="-Wmissing-declarations" />
					<Add option="-pg" />
					<Add option="-g" />
					<Add option="-std=gnu99" />
					<Add option="-DUSE_SDL" />
					<Add option="-DDEBUG" />
					<Add option="-DxDEBUG_NETWORK" />
					<Add option="-DUSE_FILE_CACHE" />
					<Add option="-DUSE_CHUNKS" />
					<Add option="-DUSE_RANDOM_PORT" />
					<Add option="-DxDEBUG_REF" />
					<Add option="-DUSE_CONNECT_DIALOG" />
					<Add option="-DDEBUG_TILES" />
					<Add option="-DUSE_SDL_IMAGE" />
					<Add option="-DxDEBUG_PALETTE" />
					<Add option="-DDEBUG_FPS" />
					<Add option="-DENABLE_LOCAL_CLIENT" />
					<Add option="-DUSE_DUKTAPE" />
					<Add option="-DUSE_TURNS" />
					<Add option="-DUSE_LEGACY_NETWORK" />
					<Add option="-DUSE_NETWORK" />
				</Compiler>
				<Linker>
					<Add option="-pg" />
					<Add library="SDL" />
					<Add library="SDL_image" />
					<Add library="ws2_32" />
					<Add library="mswsock" />
					<Add library="advapi32" />
				</Linker>
			</Target>
			<Target title="Debug (MingW32-SB)">
				<Option platforms="Windows;Unix;" />
				<Option output="bin/Debug-MingW32/ProCIRCd-SB.exe" prefix_auto="1" extension_auto="0" />
				<Option object_output="obj/Debug-MingW32-SB/" />
				<Option type="0" />
				<Option compiler="mingw32_gnu_gcc_compiler" />
				<Compiler>
					<Add option="-Wshadow" />
					<Add option="-Winit-self" />
					<Add option="-Wredundant-decls" />
					<Add option="-Wcast-align" />
					<Add option="-Winline" />
					<Add option="-Wunreachable-code" />
					<Add option="-Wmissing-declarations" />
					<Add option="-pg" />
					<Add option="-g" />
					<Add option="-std=gnu99" />
					<Add option="-DDEBUG" />
					<Add option="-DxUSE_NETWORK" />
					<Add option="-DxDEBUG_NETWORK" />
					<Add option="-DUSE_SYNCBUFF" />
					<Add option="-DUSE_FILE_CACHE" />
					<Add option="-DUSE_CHUNKS" />
					<Add option="-DEZXML_NOMMAP" />
					<Add option="-DENABLE_LOCAL_CLIENT" />
					<Add option="-DUSE_DUKTAPE" />
					<Add option="-DUSE_TURNS" />
				</Compiler>
				<Linker>
					<Add option="-pg" />
					<Add option="-static" />
					<Add library="gdi32" />
				</Linker>
			</Target>
			<Target title="Debug (Linux-SB-Curses)">
				<Option platforms="Unix;" />
				<Option output="bin/Debug/ProCIRCd-SB-Curses" prefix_auto="1" extension_auto="1" />
				<Option object_output="obj/Debug-Linux-SB-Curses/" />
				<Option type="1" />
				<Option compiler="gcc" />
				<Compiler>
					<Add option="-pg" />
					<Add option="-g" />
					<Add option="-std=gnu99" />
					<Add option="-DUSE_CURSES" />
					<Add option="-DDEBUG" />
					<Add option="-DUSE_SYNCBUFF" />
					<Add option="-DUSE_FILE_CACHE" />
					<Add option="-DSCAFFOLD_LOG_FILE" />
					<Add option="-DUSE_CHUNKS" />
					<Add option="-DENABLE_LOCAL_CLIENT" />
				</Compiler>
				<Linker>
					<Add option="-pg" />
					<Add library="ncurses" />
				</Linker>
			</Target>
			<Target title="Debug (Linux-NET-Curses)">
				<Option platforms="Unix;" />
				<Option output="bin/Debug/ProCIRCd-NET-Curses" prefix_auto="1" extension_auto="1" />
				<Option object_output="obj/Debug-Linux-NET-Curses/" />
				<Option type="1" />
				<Option compiler="gcc" />
				<Compiler>
					<Add option="-pg" />
					<Add option="-g" />
					<Add option="-std=gnu99" />
					<Add option="-DUSE_CURSES" />
					<Add option="-DDEBUG" />
					<Add option="-DUSE_SYNCBUFF" />
					<Add option="-DUSE_FILE_CACHE" />
					<Add option="-DSCAFFOLD_LOG_FILE" />
					<Add option="-DUSE_CHUNKS" />
					<Add option="-DENABLE_LOCAL_CLIENT" />
				</Compiler>
				<Linker>
					<Add option="-pg" />
					<Add library="ncurses" />
				</Linker>
			</Target>
			<Target title="Debug (Linux-SB-Allegro4)">
				<Option platforms="Unix;" />
				<Option output="bin/Debug/ProCIRCd-Allegro-SyncBuffer" prefix_auto="1" extension_auto="1" />
				<Option object_output="obj/Debug-Linux-SB-Allegro4/" />
				<Option type="1" />
				<Option compiler="gcc" />
				<Compiler>
					<Add option="-Wshadow" />
					<Add option="-Winit-self" />
					<Add option="-Wredundant-decls" />
					<Add option="-Wcast-align" />
					<Add option="-Winline" />
					<Add option="-Wunreachable-code" />
					<Add option="-Wmissing-declarations" />
					<Add option="-pg" />
					<Add option="-g" />
					<Add option="-std=gnu99" />
					<Add option="-Wstack-protector" />
					<Add option="-fstack-protector-all" />
					<Add option="-fsanitize=undefined" />
					<Add option="-ggdb3" />
					<Add option="-fvar-tracking" />
					<Add option="-DUSE_ALLEGRO" />
					<Add option="-DDEBUG" />
					<Add option="-DxUSE_ALLEGRO_PNG" />
					<Add option="-DxUSE_NETWORK" />
					<Add option="-DxDEBUG_NETWORK" />
					<Add option="-DUSE_SYNCBUFF" />
					<Add option="-DUSE_FILE_CACHE" />
					<Add option="-DDEBUG_TILES" />
					<Add option="-DxUSE_INLINE" />
					<Add option="-DxUSE_CHUNKS" />
					<Add option="-DDEBUG_VM" />
					<Add option="-DUSE_DUKTAPE" />
					<Add option="-DENABLE_LOCAL_CLIENT" />
					<Add option="-DUSE_COLORED_CONSOLE" />
					<Add option="-DDISABLE_MODE_ISO" />
				</Compiler>
				<Linker>
					<Add option="-pg" />
					<Add library="alleg" />
					<Add library="ubsan" />
				</Linker>
			</Target>
			<Target title="Debug (Linux-NET-Allegro4)">
				<Option platforms="Unix;" />
				<Option output="bin/Debug/ProCIRCd-Allegro-NET" prefix_auto="1" extension_auto="1" />
				<Option object_output="obj/Debug-Linux-NET-Allegro4/" />
				<Option type="1" />
				<Option compiler="gcc" />
				<Compiler>
					<Add option="-Wshadow" />
					<Add option="-Winit-self" />
					<Add option="-Wredundant-decls" />
					<Add option="-Wcast-align" />
					<Add option="-Wfloat-equal" />
					<Add option="-Winline" />
					<Add option="-Wunreachable-code" />
					<Add option="-Wmissing-declarations" />
					<Add option="-Wswitch-enum" />
					<Add option="-pg" />
					<Add option="-g" />
					<Add option="-Wunused" />
					<Add option="-std=gnu99" />
					<Add option="-Wstack-protector" />
					<Add option="-fstack-protector-all" />
					<Add option="-fsanitize=undefined" />
					<Add option="-ggdb3" />
					<Add option="-fvar-tracking" />
					<Add option="-DUSE_ALLEGRO" />
					<Add option="-DDEBUG" />
					<Add option="-DUSE_NETWORK" />
					<Add option="-DxDEBUG_NETWORK" />
					<Add option="-DUSE_FILE_CACHE" />
					<Add option="-DUSE_CHUNKS" />
					<Add option="-DUSE_RANDOM_PORT" />
					<Add option="-DxDEBUG_REF" />
					<Add option="-DUSE_CONNECT_DIALOG" />
					<Add option="-DDEBUG_TILES" />
					<Add option="-DxDEBUG_VM" />
					<Add option="-DUSE_COLORED_CONSOLE" />
					<Add option="-DDEBUG_FPS" />
					<Add option="-DENABLE_LOCAL_CLIENT" />
					<Add option="-DSTRICT_DEBUG" />
					<Add option="-DUSE_DUKTAPE" />
					<Add option="-DxRAY_WIREFRAME" />
					<Add option="-DRAYCAST_OLD_DOUBLE" />
					<Add option="-DxRAYCAST_FOG" />
					<Add option="-DRAYCAST_CACHE" />
					<Add option="-DxDISABLE_MODE_POV" />
				</Compiler>
				<Linker>
					<Add option="-pg" />
					<Add library="alleg" />
					<Add library="ubsan" />
				</Linker>
			</Target>
			<Target title="Debug (Linux-NET-Allegro4-TLS)">
				<Option platforms="Unix;" />
				<Option output="bin/Debug/ProCIRCd-Allegro-NET-TLS" prefix_auto="1" extension_auto="1" />
				<Option object_output="obj/Debug-Linux-NET-Allegro4-TLS/" />
				<Option type="1" />
				<Option compiler="gcc" />
				<Compiler>
					<Add option="-Wshadow" />
					<Add option="-Winit-self" />
					<Add option="-Wredundant-decls" />
					<Add option="-Wcast-align" />
					<Add option="-Winline" />
					<Add option="-Wunreachable-code" />
					<Add option="-Wmissing-declarations" />
					<Add option="-pg" />
					<Add option="-g" />
					<Add option="-std=gnu99" />
					<Add option="-Wstack-protector" />
					<Add option="-fstack-protector-all" />
					<Add option="-fsanitize=undefined" />
					<Add option="-ggdb3" />
					<Add option="-fvar-tracking" />
					<Add option="-DUSE_ALLEGRO" />
					<Add option="-DDEBUG" />
					<Add option="-DUSE_NETWORK" />
					<Add option="-DxDEBUG_NETWORK" />
					<Add option="-DUSE_FILE_CACHE" />
					<Add option="-DUSE_CHUNKS" />
					<Add option="-DUSE_RANDOM_PORT" />
					<Add option="-DxDEBUG_REF" />
					<Add option="-DUSE_CONNECT_DIALOG" />
					<Add option="-DDEBUG_TILES" />
					<Add option="-DxDEBUG_VM" />
					<Add option="-DUSE_COLORED_CONSOLE" />
					<Add option="-DDEBUG_FPS" />
					<Add option="-DENABLE_LOCAL_CLIENT" />
					<Add option="-DSTRICT_DEBUG" />
					<Add option="-DUSE_DUKTAPE" />
					<Add option="-DUSE_TURNS" />
					<Add option="-DUSE_MBED_TLS" />
				</Compiler>
				<Linker>
					<Add option="-pg" />
					<Add library="alleg" />
					<Add library="ubsan" />
					<Add library="mbedtls" />
				</Linker>
			</Target>
			<Target title="Debug (Linux-NET-SDL)">
				<Option platforms="Unix;" />
				<Option output="bin/Debug/ProCIRCd-SDL-NET" prefix_auto="1" extension_auto="1" />
				<Option object_output="obj/Debug-Linux-NET-SDL/" />
				<Option type="1" />
				<Option compiler="gcc" />
				<Compiler>
					<Add option="-Wshadow" />
					<Add option="-Winit-self" />
					<Add option="-Wredundant-decls" />
					<Add option="-Wcast-align" />
					<Add option="-Winline" />
					<Add option="-Wunreachable-code" />
					<Add option="-Wmissing-declarations" />
					<Add option="-pg" />
					<Add option="-g" />
					<Add option="-std=gnu99" />
					<Add option="-Wstack-protector" />
					<Add option="-fstack-protector-all" />
					<Add option="-fsanitize=undefined" />
					<Add option="-ggdb3" />
					<Add option="-fvar-tracking" />
					<Add option="-DUSE_SDL" />
					<Add option="-DDEBUG" />
					<Add option="-DUSE_NETWORK" />
					<Add option="-DxDEBUG_NETWORK" />
					<Add option="-DUSE_FILE_CACHE" />
					<Add option="-DUSE_CHUNKS" />
					<Add option="-DUSE_RANDOM_PORT" />
					<Add option="-DxDEBUG_REF" />
					<Add option="-DUSE_CONNECT_DIALOG" />
					<Add option="-DDEBUG_TILES" />
					<Add option="-DUSE_SDL_IMAGE" />
					<Add option="-DUSE_COLORED_CONSOLE" />
					<Add option="-DxDEBUG_PALETTE" />
					<Add option="-DDEBUG_FPS" />
					<Add option="-DENABLE_LOCAL_CLIENT" />
					<Add option="-DUSE_DUKTAPE" />
					<Add option="-DxDEBUG_VERBOSEGRAPHICS_COLOR" />
				</Compiler>
				<Linker>
					<Add option="-pg" />
					<Add library="ubsan" />
					<Add library="SDL" />
					<Add library="SDL_image" />
				</Linker>
			</Target>
			<Target title="Debug (Linux-SHM-Allegro4)">
				<Option platforms="Unix;" />
				<Option output="bin/Debug/ProCIRCd-Allegro-SHM" prefix_auto="1" extension_auto="1" />
				<Option object_output="obj/Debug/" />
				<Option type="1" />
				<Option compiler="gcc" />
				<Compiler>
					<Add option="-Wshadow" />
					<Add option="-Winit-self" />
					<Add option="-Wredundant-decls" />
					<Add option="-Wcast-align" />
					<Add option="-Winline" />
					<Add option="-Wunreachable-code" />
					<Add option="-Wmissing-declarations" />
					<Add option="-pg" />
					<Add option="-g" />
					<Add option="-DUSE_ALLEGRO" />
					<Add option="-DDEBUG" />
					<Add option="-DUSE_SHM" />
					<Add option="-DENABLE_LOCAL_CLIENT" />
					<Add option="-DDISABLE_MODE_ISO" />
				</Compiler>
				<Linker>
					<Add option="-pg" />
					<Add library="alleg" />
				</Linker>
			</Target>
			<Target title="Debug (Linux-Allegro4-CLANG)">
				<Option platforms="Unix;" />
				<Option output="bin/Debug-CLANG/ProCIRCd-Allegro" prefix_auto="1" extension_auto="1" />
				<Option object_output="obj/Debug-CLANG/" />
				<Option type="1" />
				<Option compiler="clang" />
				<Compiler>
					<Add option="-ftrapv" />
					<Add option="-Wall" />
					<Add option="-g" />
					<Add option="-Winline" />
					<Add option="-Wunreachable-code" />
					<Add option="-Wmissing-declarations" />
					<Add option="-Wstack-protector -fstack-protector-all" />
					<Add option="-DUSE_ALLEGRO" />
					<Add option="-DDEBUG" />
					<Add option="-DUSE_ALLEGRO_PNG" />
					<Add option="-DxUSE_NETWORK" />
					<Add option="-DxDEBUG_NETWORK" />
					<Add option="-DUSE_SYNCBUFF" />
					<Add option="-DUSE_FILE_CACHE" />
					<Add option="-DUSE_HEATSHRINK" />
					<Add option="-DUSE_CHUNKS" />
					<Add option="-DENABLE_LOCAL_CLIENT" />
				</Compiler>
				<Linker>
					<Add library="alleg" />
					<Add library="loadpng" />
				</Linker>
			</Target>
			<Target title="Debug (Linux-Allegro4-TCC)">
				<Option platforms="Unix;" />
				<Option output="bin/Debug-TCC/ProCIRCd-Allegro" prefix_auto="1" extension_auto="1" />
				<Option object_output="obj/Debug-TCC/" />
				<Option type="1" />
				<Option compiler="tcc" />
				<Compiler>
					<Add option="-Wall" />
					<Add option="-g" />
					<Add option="-DDEBUG" />
					<Add option="-DUSE_ALLEGRO" />
					<Add option="-DxUSE_ALLEGRO_PNG" />
					<Add option="-DUSE_SYNCBUFF" />
					<Add option="-DUSE_CHUNKS" />
					<Add option="-DENABLE_LOCAL_CLIENT" />
				</Compiler>
				<Linker>
					<Add library="alleg" />
				</Linker>
			</Target>
			<Target title="Debug (Linux-Curses-Threaded)">
				<Option platforms="Unix;" />
				<Option output="bin/Debug/ProCIRCd-Curses" prefix_auto="1" extension_auto="1" />
				<Option object_output="obj/Debug-Linux-Curses-threaded/" />
				<Option type="1" />
				<Option compiler="gcc" />
				<Compiler>
					<Add option="-g" />
					<Add option="-DGFX_CURSES" />
					<Add option="-DSCH_PTHREAD" />
					<Add option="-DUSE_CHUNKS" />
				</Compiler>
				<Linker>
					<Add library="curses" />
					<Add library="pthread" />
				</Linker>
			</Target>
			<Target title="Release (Linux-Allegro4)">
				<Option platforms="Unix;" />
				<Option output="bin/Release/ProCIRCd-Allegro-SyncBuffer" prefix_auto="1" extension_auto="1" />
				<Option object_output="obj/Release/" />
				<Option type="0" />
				<Option compiler="gcc" />
				<Compiler>
					<Add option="-O2" />
					<Add option="-Wshadow" />
					<Add option="-Winit-self" />
					<Add option="-Wredundant-decls" />
					<Add option="-Wcast-align" />
					<Add option="-Winline" />
					<Add option="-Wunreachable-code" />
					<Add option="-Wmissing-declarations" />
					<Add option="-std=gnu99" />
					<Add option="-Wstack-protector" />
					<Add option="-fstack-protector-all" />
					<Add option="-fsanitize=undefined" />
					<Add option="-ggdb3" />
					<Add option="-fvar-tracking" />
					<Add option="-DUSE_ALLEGRO" />
					<Add option="-DxUSE_ALLEGRO_PNG" />
					<Add option="-DUSE_NETWORK" />
					<Add option="-DUSE_SYNCBUFF" />
					<Add option="-DUSE_FILE_CACHE" />
					<Add option="-DUSE_CHUNKS" />
					<Add option="-DENABLE_LOCAL_CLIENT" />
				</Compiler>
				<Linker>
					<Add option="-s" />
					<Add library="alleg" />
					<Add library="ubsan" />
				</Linker>
			</Target>
			<Target title="Debug (Linux-NET-Server)">
				<Option platforms="Unix;" />
				<Option output="bin/Debug/ProCIRCd-Server-NET" prefix_auto="1" extension_auto="1" />
				<Option object_output="obj/Debug-Linux-NET-Server/" />
				<Option type="1" />
				<Option compiler="gcc" />
				<Compiler>
					<Add option="-Wshadow" />
					<Add option="-Winit-self" />
					<Add option="-Wredundant-decls" />
					<Add option="-Wcast-align" />
					<Add option="-Winline" />
					<Add option="-Wunreachable-code" />
					<Add option="-Wmissing-declarations" />
					<Add option="-pg" />
					<Add option="-g" />
					<Add option="-Wstack-protector" />
					<Add option="-fstack-protector-all" />
					<Add option="-fsanitize=undefined" />
					<Add option="-ggdb3" />
					<Add option="-fvar-tracking" />
					<Add option="-DDEBUG" />
					<Add option="-DUSE_NETWORK" />
					<Add option="-DxDEBUG_NETWORK" />
					<Add option="-DUSE_FILE_CACHE" />
					<Add option="-DUSE_CHUNKS" />
					<Add option="-DxDEBUG_REF" />
					<Add option="-DxDEBUG_VM" />
					<Add option="-DUSE_COLORED_CONSOLE" />
					<Add option="-DHEATSHRINK_DYNAMIC_ALLOC" />
				</Compiler>
				<Linker>
					<Add option="-pg" />
					<Add library="ubsan" />
				</Linker>
			</Target>
			<Target title="Debug (Emscripten-NET-SDL)">
				<Option platforms="Unix;" />
				<Option output="bin/Debug/ProCIRCd-SDL-NET" prefix_auto="1" extension_auto="1" />
				<Option object_output="obj/Debug-Emscripten-NET-SDL/" />
				<Option type="1" />
				<Option compiler="emscripten_gcc_compiler" />
				<Compiler>
					<Add option="-Wshadow" />
					<Add option="-Winit-self" />
					<Add option="-Wredundant-decls" />
					<Add option="-Wcast-align" />
					<Add option="-Winline" />
					<Add option="-Wunreachable-code" />
					<Add option="-Wmissing-declarations" />
					<Add option="-pg" />
					<Add option="-g" />
					<Add option="-std=gnu99" />
					<Add option="-Wstack-protector" />
					<Add option="-fstack-protector-all" />
					<Add option="-fsanitize=undefined" />
					<Add option="-DUSE_SDL" />
					<Add option="-DDEBUG" />
					<Add option="-DUSE_NETWORK" />
					<Add option="-DxDEBUG_NETWORK" />
					<Add option="-DUSE_FILE_CACHE" />
					<Add option="-DUSE_CHUNKS" />
					<Add option="-DUSE_RANDOM_PORT" />
					<Add option="-DxDEBUG_REF" />
					<Add option="-DUSE_CONNECT_DIALOG" />
					<Add option="-DDEBUG_TILES" />
					<Add option="-DUSE_SDL_IMAGE" />
					<Add option="-DUSE_COLORED_CONSOLE" />
					<Add option="-DxDEBUG_PALETTE" />
					<Add option="-DDEBUG_FPS" />
					<Add option="-DENABLE_LOCAL_CLIENT" />
				</Compiler>
				<Linker>
					<Add option="-pg" />
					<Add library="ubsan" />
					<Add library="SDL" />
					<Add library="SDL_image" />
				</Linker>
			</Target>
			<Target title="Debug (Palm-SB)">
				<Option platforms="Unix;" />
				<Option output="bin/Debug-Palm/ProCIRCd-SB.prc" prefix_auto="1" extension_auto="0" />
				<Option object_output="obj/Debug-Palm-SB/" />
				<Option type="0" />
				<Option compiler="prc_tools" />
				<Option projectCompilerOptionsRelation="-1" />
				<Option projectLinkerOptionsRelation="-1" />
				<Option projectIncludeDirsRelation="-1" />
				<Option projectLibDirsRelation="-1" />
				<Compiler>
					<Add option="-DDEBUG" />
					<Add option="-DUSE_SYNCBUFF" />
					<Add option="-DENABLE_LOCAL_CLIENT" />
					<Add option="-DNO_CLOCK" />
					<Add option="-DxUSE_NETWORK" />
					<Add option="-DxDEBUG_NETWORK" />
					<Add option="-DxUSE_INLINE" />
					<Add option="-DDISABLE_MODE_RAYCAST" />
				</Compiler>
				<MakeCommands>
					<Build command="" />
					<CompileFile command="" />
					<Clean command="" />
					<DistClean command="" />
					<AskRebuildNeeded command="" />
					<SilentBuild command=" &gt; $(CMD_NULL)" />
				</MakeCommands>
			</Target>
		</Build>
		<Compiler>
			<Add option="-DEZXML_CSTR" />
			<Add option="-DxEZXML_EMBEDDED_IMAGES" />
			<Add option="-DUSE_EZXML" />
			<Add option="-DEZXML_NOMMAP" />
			<Add option="-DUSE_ITERATOR_CACHE" />
		</Compiler>
		<Unit filename="htmlrend.h">
			<Option virtualFolder="src/" />
		</Unit>
		<Unit filename="procircd.def">
			<Option target="Debug (Palm-SB)" />
		</Unit>
		<Unit filename="src/animate.c">
			<Option compilerVar="CC" />
		</Unit>
		<Unit filename="src/animate.h" />
		<Unit filename="src/b64.c">
			<Option compilerVar="CC" />
			<Option target="Debug" />
			<Option target="Release" />
			<Option target="Debug (Linux-Curses-Threaded)" />
			<Option target="Check (Linux-C99)" />
			<Option target="Debug (Linux-Allegro4-TCC)" />
			<Option target="Debug (Linux-Allegro4-CLANG)" />
			<Option target="Debug (MingW32-NET)" />
			<Option target="Release (Linux-Allegro4)" />
			<Option target="Debug (Linux-NET-Allegro4)" />
			<Option target="Debug (Linux-NET-SDL)" />
			<Option target="Debug (Linux-NET-Server)" />
			<Option target="Check (Linux-C89)" />
			<Option target="Debug (Emscripten-NET-SDL)" />
			<Option target="Debug (MingW32-SB)" />
			<Option target="Debug (MingW32-NET-SDL)" />
			<Option target="Debug (MingW32-NET-Allegro4)" />
			<Option target="Debug (Linux-NET-Allegro4-TLS)" />
			<Option target="Debug (Palm-SB)" />
			<Option target="Strict (Linux-NET-Allegro4)" />
			<Option target="Debug (Linux-NET-Curses)" />
		</Unit>
		<Unit filename="src/b64.h">
			<Option target="Debug" />
			<Option target="Release" />
			<Option target="Debug (Linux-Curses-Threaded)" />
			<Option target="Check (Linux-C99)" />
			<Option target="Debug (Linux-Allegro4-TCC)" />
			<Option target="Debug (Linux-Allegro4-CLANG)" />
			<Option target="Debug (MingW32-NET)" />
			<Option target="Release (Linux-Allegro4)" />
			<Option target="Debug (Linux-NET-Allegro4)" />
			<Option target="Debug (Linux-NET-SDL)" />
			<Option target="Debug (Linux-NET-Server)" />
			<Option target="Check (Linux-C89)" />
			<Option target="Debug (Emscripten-NET-SDL)" />
			<Option target="Debug (MingW32-SB)" />
			<Option target="Debug (MingW32-NET-SDL)" />
			<Option target="Debug (MingW32-NET-Allegro4)" />
			<Option target="Debug (Linux-NET-Allegro4-TLS)" />
			<Option target="Debug (Palm-SB)" />
			<Option target="Strict (Linux-NET-Allegro4)" />
			<Option target="Debug (Linux-NET-Curses)" />
		</Unit>
		<Unit filename="src/backlog.c">
			<Option compilerVar="CC" />
			<Option target="Debug" />
			<Option target="Release" />
			<Option target="Check (Linux-C89)" />
			<Option target="Strict (Linux-SB-Allegro4)" />
			<Option target="Strict (Linux-NET-Allegro4)" />
			<Option target="Debug (MingW32-NET)" />
			<Option target="Debug (MingW32-NET-Allegro4)" />
			<Option target="Debug (MingW32-NET-SDL)" />
			<Option target="Debug (MingW32-SB)" />
			<Option target="Debug (Linux-SB-Curses)" />
			<Option target="Debug (Linux-NET-Curses)" />
			<Option target="Debug (Linux-SB-Allegro4)" />
			<Option target="Debug (Linux-NET-Allegro4)" />
			<Option target="Debug (Linux-NET-Allegro4-TLS)" />
			<Option target="Debug (Linux-NET-SDL)" />
			<Option target="Debug (Linux-SHM-Allegro4)" />
			<Option target="Debug (Linux-Allegro4-CLANG)" />
			<Option target="Debug (Linux-Allegro4-TCC)" />
			<Option target="Debug (Linux-Curses-Threaded)" />
			<Option target="Release (Linux-Allegro4)" />
			<Option target="Debug (Linux-NET-Server)" />
			<Option target="Debug (Emscripten-NET-SDL)" />
			<Option target="Debug (Palm-SB)" />
		</Unit>
		<Unit filename="src/backlog.h">
			<Option target="Debug" />
			<Option target="Release" />
			<Option target="Check (Linux-C89)" />
			<Option target="Strict (Linux-SB-Allegro4)" />
			<Option target="Strict (Linux-NET-Allegro4)" />
			<Option target="Debug (MingW32-NET)" />
			<Option target="Debug (MingW32-NET-Allegro4)" />
			<Option target="Debug (MingW32-NET-SDL)" />
			<Option target="Debug (MingW32-SB)" />
			<Option target="Debug (Linux-SB-Curses)" />
			<Option target="Debug (Linux-NET-Curses)" />
			<Option target="Debug (Linux-SB-Allegro4)" />
			<Option target="Debug (Linux-NET-Allegro4)" />
			<Option target="Debug (Linux-NET-Allegro4-TLS)" />
			<Option target="Debug (Linux-NET-SDL)" />
			<Option target="Debug (Linux-SHM-Allegro4)" />
			<Option target="Debug (Linux-Allegro4-CLANG)" />
			<Option target="Debug (Linux-Allegro4-TCC)" />
			<Option target="Debug (Linux-Curses-Threaded)" />
			<Option target="Release (Linux-Allegro4)" />
			<Option target="Debug (Linux-NET-Server)" />
			<Option target="Debug (Emscripten-NET-SDL)" />
			<Option target="Debug (Palm-SB)" />
		</Unit>
		<Unit filename="src/bstrglue.c">
			<Option compilerVar="CC" />
		</Unit>
		<Unit filename="src/bstrglue.h" />
		<Unit filename="src/bstrlib/bsafe.c">
			<Option compilerVar="CC" />
			<Option target="&lt;{~None~}&gt;" />
		</Unit>
		<Unit filename="src/bstrlib/bsafe.h">
			<Option target="Debug" />
			<Option target="Release" />
			<Option target="Check (Linux-C99)" />
			<Option target="Check (Linux-C89)" />
			<Option target="Strict (Linux-SB-Allegro4)" />
			<Option target="Debug (MingW32-NET)" />
			<Option target="Debug (MingW32-NET-Allegro4)" />
			<Option target="Debug (MingW32-NET-SDL)" />
			<Option target="Debug (MingW32-SB)" />
			<Option target="Debug (Linux-SB-Curses)" />
			<Option target="Debug (Linux-SB-Allegro4)" />
			<Option target="Debug (Linux-NET-Allegro4)" />
			<Option target="Debug (Linux-NET-Allegro4-TLS)" />
			<Option target="Debug (Linux-NET-SDL)" />
			<Option target="Debug (Linux-Allegro4-CLANG)" />
			<Option target="Debug (Linux-Allegro4-TCC)" />
			<Option target="Debug (Linux-Curses-Threaded)" />
			<Option target="Release (Linux-Allegro4)" />
			<Option target="Debug (Linux-NET-Server)" />
			<Option target="Debug (Emscripten-NET-SDL)" />
			<Option target="Strict (Linux-NET-Allegro4)" />
			<Option target="Debug (Linux-NET-Curses)" />
		</Unit>
		<Unit filename="src/bstrlib/bstraux.c">
			<Option compilerVar="CC" />
			<Option target="Debug" />
			<Option target="Release" />
			<Option target="Check (Linux-C99)" />
			<Option target="Check (Linux-C89)" />
			<Option target="Strict (Linux-SB-Allegro4)" />
			<Option target="Strict (Linux-NET-Allegro4)" />
			<Option target="Debug (MingW32-NET)" />
			<Option target="Debug (MingW32-NET-Allegro4)" />
			<Option target="Debug (MingW32-NET-SDL)" />
			<Option target="Debug (MingW32-SB)" />
			<Option target="Debug (Linux-SB-Curses)" />
			<Option target="Debug (Linux-NET-Curses)" />
			<Option target="Debug (Linux-SB-Allegro4)" />
			<Option target="Debug (Linux-NET-Allegro4)" />
			<Option target="Debug (Linux-NET-Allegro4-TLS)" />
			<Option target="Debug (Linux-NET-SDL)" />
			<Option target="Debug (Linux-Allegro4-CLANG)" />
			<Option target="Debug (Linux-Allegro4-TCC)" />
			<Option target="Debug (Linux-Curses-Threaded)" />
			<Option target="Release (Linux-Allegro4)" />
			<Option target="Debug (Linux-NET-Server)" />
			<Option target="Debug (Emscripten-NET-SDL)" />
			<Option target="Debug (Palm-SB)" />
		</Unit>
		<Unit filename="src/bstrlib/bstraux.h">
			<Option target="Debug" />
			<Option target="Release" />
			<Option target="Check (Linux-C99)" />
			<Option target="Check (Linux-C89)" />
			<Option target="Strict (Linux-SB-Allegro4)" />
			<Option target="Strict (Linux-NET-Allegro4)" />
			<Option target="Debug (MingW32-NET)" />
			<Option target="Debug (MingW32-NET-Allegro4)" />
			<Option target="Debug (MingW32-NET-SDL)" />
			<Option target="Debug (MingW32-SB)" />
			<Option target="Debug (Linux-SB-Curses)" />
			<Option target="Debug (Linux-NET-Curses)" />
			<Option target="Debug (Linux-SB-Allegro4)" />
			<Option target="Debug (Linux-NET-Allegro4)" />
			<Option target="Debug (Linux-NET-Allegro4-TLS)" />
			<Option target="Debug (Linux-NET-SDL)" />
			<Option target="Debug (Linux-Allegro4-CLANG)" />
			<Option target="Debug (Linux-Allegro4-TCC)" />
			<Option target="Debug (Linux-Curses-Threaded)" />
			<Option target="Release (Linux-Allegro4)" />
			<Option target="Debug (Linux-NET-Server)" />
			<Option target="Debug (Emscripten-NET-SDL)" />
			<Option target="Debug (Palm-SB)" />
		</Unit>
		<Unit filename="src/bstrlib/bstrlib.c">
			<Option compilerVar="CC" />
			<Option compiler="gcc" use="0" buildCommand="$compiler $includes -c $file -o $object" />
		</Unit>
		<Unit filename="src/bstrlib/bstrlib.h" />
		<Unit filename="src/bstrlib/buniutil.c">
			<Option compilerVar="CC" />
			<Option target="Debug" />
			<Option target="Release" />
			<Option target="Check (Linux-C99)" />
			<Option target="Check (Linux-C89)" />
			<Option target="Strict (Linux-SB-Allegro4)" />
			<Option target="Debug (MingW32-NET)" />
			<Option target="Debug (MingW32-NET-Allegro4)" />
			<Option target="Debug (MingW32-NET-SDL)" />
			<Option target="Debug (MingW32-SB)" />
			<Option target="Debug (Linux-SB-Curses)" />
			<Option target="Debug (Linux-SB-Allegro4)" />
			<Option target="Debug (Linux-NET-Allegro4)" />
			<Option target="Debug (Linux-NET-Allegro4-TLS)" />
			<Option target="Debug (Linux-NET-SDL)" />
			<Option target="Debug (Linux-Allegro4-CLANG)" />
			<Option target="Debug (Linux-Allegro4-TCC)" />
			<Option target="Debug (Linux-Curses-Threaded)" />
			<Option target="Release (Linux-Allegro4)" />
			<Option target="Debug (Linux-NET-Server)" />
			<Option target="Debug (Emscripten-NET-SDL)" />
			<Option target="Strict (Linux-NET-Allegro4)" />
			<Option target="Debug (Linux-NET-Curses)" />
		</Unit>
		<Unit filename="src/bstrlib/buniutil.h">
			<Option target="Debug" />
			<Option target="Release" />
			<Option target="Check (Linux-C99)" />
			<Option target="Check (Linux-C89)" />
			<Option target="Strict (Linux-SB-Allegro4)" />
			<Option target="Debug (MingW32-NET)" />
			<Option target="Debug (MingW32-NET-Allegro4)" />
			<Option target="Debug (MingW32-NET-SDL)" />
			<Option target="Debug (MingW32-SB)" />
			<Option target="Debug (Linux-SB-Curses)" />
			<Option target="Debug (Linux-SB-Allegro4)" />
			<Option target="Debug (Linux-NET-Allegro4)" />
			<Option target="Debug (Linux-NET-Allegro4-TLS)" />
			<Option target="Debug (Linux-NET-SDL)" />
			<Option target="Debug (Linux-Allegro4-CLANG)" />
			<Option target="Debug (Linux-Allegro4-TCC)" />
			<Option target="Debug (Linux-Curses-Threaded)" />
			<Option target="Release (Linux-Allegro4)" />
			<Option target="Debug (Linux-NET-Server)" />
			<Option target="Debug (Emscripten-NET-SDL)" />
			<Option target="Strict (Linux-NET-Allegro4)" />
			<Option target="Debug (Linux-NET-Curses)" />
		</Unit>
		<Unit filename="src/bstrlib/utf8util.c">
			<Option compilerVar="CC" />
			<Option target="Debug" />
			<Option target="Release" />
			<Option target="Check (Linux-C99)" />
			<Option target="Check (Linux-C89)" />
			<Option target="Strict (Linux-SB-Allegro4)" />
			<Option target="Debug (MingW32-NET)" />
			<Option target="Debug (MingW32-NET-Allegro4)" />
			<Option target="Debug (MingW32-NET-SDL)" />
			<Option target="Debug (MingW32-SB)" />
			<Option target="Debug (Linux-SB-Curses)" />
			<Option target="Debug (Linux-SB-Allegro4)" />
			<Option target="Debug (Linux-NET-Allegro4)" />
			<Option target="Debug (Linux-NET-Allegro4-TLS)" />
			<Option target="Debug (Linux-NET-SDL)" />
			<Option target="Debug (Linux-Allegro4-CLANG)" />
			<Option target="Debug (Linux-Allegro4-TCC)" />
			<Option target="Debug (Linux-Curses-Threaded)" />
			<Option target="Release (Linux-Allegro4)" />
			<Option target="Debug (Linux-NET-Server)" />
			<Option target="Debug (Emscripten-NET-SDL)" />
			<Option target="Strict (Linux-NET-Allegro4)" />
			<Option target="Debug (Linux-NET-Curses)" />
		</Unit>
		<Unit filename="src/bstrlib/utf8util.h">
			<Option target="Debug" />
			<Option target="Release" />
			<Option target="Check (Linux-C99)" />
			<Option target="Check (Linux-C89)" />
			<Option target="Strict (Linux-SB-Allegro4)" />
			<Option target="Debug (MingW32-NET)" />
			<Option target="Debug (MingW32-NET-Allegro4)" />
			<Option target="Debug (MingW32-NET-SDL)" />
			<Option target="Debug (MingW32-SB)" />
			<Option target="Debug (Linux-SB-Curses)" />
			<Option target="Debug (Linux-SB-Allegro4)" />
			<Option target="Debug (Linux-NET-Allegro4)" />
			<Option target="Debug (Linux-NET-Allegro4-TLS)" />
			<Option target="Debug (Linux-NET-SDL)" />
			<Option target="Debug (Linux-Allegro4-CLANG)" />
			<Option target="Debug (Linux-Allegro4-TCC)" />
			<Option target="Debug (Linux-Curses-Threaded)" />
			<Option target="Release (Linux-Allegro4)" />
			<Option target="Debug (Linux-NET-Server)" />
			<Option target="Debug (Emscripten-NET-SDL)" />
			<Option target="Strict (Linux-NET-Allegro4)" />
			<Option target="Debug (Linux-NET-Curses)" />
		</Unit>
		<Unit filename="src/callback.c">
			<Option compilerVar="CC" />
		</Unit>
		<Unit filename="src/callback.h" />
		<Unit filename="src/channel.c">
			<Option compilerVar="CC" />
		</Unit>
		<Unit filename="src/channel.h" />
		<Unit filename="src/chunker.c">
			<Option compilerVar="CC" />
			<Option target="Debug" />
			<Option target="Release" />
			<Option target="Debug (Linux-SB-Curses)" />
			<Option target="Debug (Linux-Curses-Threaded)" />
			<Option target="Check (Linux-C99)" />
			<Option target="Debug (Linux-Allegro4-TCC)" />
			<Option target="Debug (Linux-Allegro4-CLANG)" />
			<Option target="Debug (MingW32-NET)" />
			<Option target="Release (Linux-Allegro4)" />
			<Option target="Debug (Linux-NET-Allegro4)" />
			<Option target="Debug (Linux-NET-SDL)" />
			<Option target="Debug (Linux-NET-Server)" />
			<Option target="Check (Linux-C89)" />
			<Option target="Debug (Emscripten-NET-SDL)" />
			<Option target="Debug (MingW32-SB)" />
			<Option target="Debug (MingW32-NET-SDL)" />
			<Option target="Debug (MingW32-NET-Allegro4)" />
			<Option target="Debug (Linux-NET-Allegro4-TLS)" />
			<Option target="Debug (Linux-NET-Curses)" />
		</Unit>
		<Unit filename="src/chunker.h">
			<Option target="Debug" />
			<Option target="Release" />
			<Option target="Debug (Linux-SB-Curses)" />
			<Option target="Debug (Linux-Curses-Threaded)" />
			<Option target="Check (Linux-C99)" />
			<Option target="Debug (Linux-Allegro4-TCC)" />
			<Option target="Debug (Linux-Allegro4-CLANG)" />
			<Option target="Debug (MingW32-NET)" />
			<Option target="Release (Linux-Allegro4)" />
			<Option target="Debug (Linux-NET-Allegro4)" />
			<Option target="Debug (Linux-NET-SDL)" />
			<Option target="Debug (Linux-NET-Server)" />
			<Option target="Check (Linux-C89)" />
			<Option target="Debug (Emscripten-NET-SDL)" />
			<Option target="Debug (MingW32-SB)" />
			<Option target="Debug (MingW32-NET-SDL)" />
			<Option target="Debug (MingW32-NET-Allegro4)" />
			<Option target="Debug (Linux-NET-Allegro4-TLS)" />
			<Option target="Debug (Linux-NET-Curses)" />
		</Unit>
		<Unit filename="src/client.c">
			<Option compilerVar="CC" />
		</Unit>
		<Unit filename="src/client.h" />
		<Unit filename="src/colors.h" />
		<Unit filename="src/config.h" />
		<Unit filename="src/datafile.c">
			<Option compilerVar="CC" />
		</Unit>
		<Unit filename="src/datafile.h" />
		<Unit filename="src/datafile/xml.c">
			<Option compilerVar="CC" />
		</Unit>
		<Unit filename="src/duktape/duk_config.h">
			<Option target="Debug" />
			<Option target="Release" />
			<Option target="Debug (Linux-SB-Curses)" />
			<Option target="Debug (Linux-SB-Allegro4)" />
			<Option target="Debug (Linux-NET-Allegro4)" />
			<Option target="Debug (Linux-Allegro4-CLANG)" />
			<Option target="Debug (Linux-Curses-Threaded)" />
			<Option target="Release (Linux-Allegro4)" />
			<Option target="Debug (Linux-NET-SDL)" />
			<Option target="Debug (Linux-NET-Server)" />
			<Option target="Debug (Emscripten-NET-SDL)" />
			<Option target="Debug (MingW32-NET)" />
			<Option target="Debug (MingW32-SB)" />
			<Option target="Debug (MingW32-NET-SDL)" />
			<Option target="Debug (MingW32-NET-Allegro4)" />
			<Option target="Debug (Linux-NET-Allegro4-TLS)" />
			<Option target="Debug (Linux-NET-Curses)" />
		</Unit>
		<Unit filename="src/duktape/duktape.c">
			<Option compilerVar="CC" />
			<Option target="Debug" />
			<Option target="Release" />
			<Option target="Debug (Linux-SB-Curses)" />
			<Option target="Debug (Linux-SB-Allegro4)" />
			<Option target="Debug (Linux-NET-Allegro4)" />
			<Option target="Debug (Linux-Allegro4-CLANG)" />
			<Option target="Debug (Linux-Curses-Threaded)" />
			<Option target="Release (Linux-Allegro4)" />
			<Option target="Debug (Linux-NET-SDL)" />
			<Option target="Debug (Linux-NET-Server)" />
			<Option target="Debug (Emscripten-NET-SDL)" />
			<Option target="Debug (MingW32-NET)" />
			<Option target="Debug (MingW32-SB)" />
			<Option target="Debug (MingW32-NET-SDL)" />
			<Option target="Debug (MingW32-NET-Allegro4)" />
			<Option target="Debug (Linux-NET-Allegro4-TLS)" />
			<Option target="Debug (Linux-NET-Curses)" />
		</Unit>
		<Unit filename="src/duktape/duktape.h">
			<Option target="Debug" />
			<Option target="Release" />
			<Option target="Debug (Linux-SB-Curses)" />
			<Option target="Debug (Linux-SB-Allegro4)" />
			<Option target="Debug (Linux-NET-Allegro4)" />
			<Option target="Debug (Linux-Allegro4-CLANG)" />
			<Option target="Debug (Linux-Curses-Threaded)" />
			<Option target="Release (Linux-Allegro4)" />
			<Option target="Debug (Linux-NET-SDL)" />
			<Option target="Debug (Linux-NET-Server)" />
			<Option target="Debug (Emscripten-NET-SDL)" />
			<Option target="Debug (MingW32-NET)" />
			<Option target="Debug (MingW32-SB)" />
			<Option target="Debug (MingW32-NET-SDL)" />
			<Option target="Debug (MingW32-NET-Allegro4)" />
			<Option target="Debug (Linux-NET-Allegro4-TLS)" />
			<Option target="Debug (Linux-NET-Curses)" />
		</Unit>
		<Unit filename="src/duktape/duktype.h">
			<Option target="Debug" />
			<Option target="Release" />
			<Option target="Check (Linux-C99)" />
			<Option target="Check (Linux-C89)" />
			<Option target="Debug (MingW32-NET)" />
			<Option target="Debug (MingW32-NET-Allegro4)" />
			<Option target="Debug (MingW32-NET-SDL)" />
			<Option target="Debug (MingW32-SB)" />
			<Option target="Debug (Linux-SB-Curses)" />
			<Option target="Debug (Linux-SB-Allegro4)" />
			<Option target="Debug (Linux-NET-Allegro4)" />
			<Option target="Debug (Linux-NET-SDL)" />
			<Option target="Debug (Linux-Allegro4-CLANG)" />
			<Option target="Debug (Linux-Allegro4-TCC)" />
			<Option target="Debug (Linux-Curses-Threaded)" />
			<Option target="Release (Linux-Allegro4)" />
			<Option target="Debug (Linux-NET-Server)" />
			<Option target="Debug (Emscripten-NET-SDL)" />
			<Option target="Debug (Linux-NET-Allegro4-TLS)" />
			<Option target="Debug (Linux-NET-Curses)" />
		</Unit>
		<Unit filename="src/ezxml.c">
			<Option compilerVar="CC" />
		</Unit>
		<Unit filename="src/ezxml.h" />
		<Unit filename="src/files.c">
			<Option compilerVar="CC" />
			<Option target="Release" />
			<Option target="Check (Linux-C99)" />
			<Option target="Check (Linux-C89)" />
			<Option target="Strict (Linux-SB-Allegro4)" />
			<Option target="Debug (MingW32-NET)" />
			<Option target="Debug (MingW32-NET-Allegro4)" />
			<Option target="Debug (MingW32-NET-SDL)" />
			<Option target="Debug (MingW32-SB)" />
			<Option target="Debug (Linux-SB-Curses)" />
			<Option target="Debug (Linux-SB-Allegro4)" />
			<Option target="Debug (Linux-NET-Allegro4)" />
			<Option target="Debug (Linux-NET-Allegro4-TLS)" />
			<Option target="Debug (Linux-NET-SDL)" />
			<Option target="Debug (Linux-SHM-Allegro4)" />
			<Option target="Debug (Linux-Allegro4-CLANG)" />
			<Option target="Debug (Linux-Allegro4-TCC)" />
			<Option target="Debug (Linux-Curses-Threaded)" />
			<Option target="Release (Linux-Allegro4)" />
			<Option target="Debug (Linux-NET-Server)" />
			<Option target="Debug (Emscripten-NET-SDL)" />
			<Option target="Strict (Linux-NET-Allegro4)" />
			<Option target="Debug" />
			<Option target="Debug (Linux-NET-Curses)" />
		</Unit>
		<Unit filename="src/files.h" />
		<Unit filename="src/font.h" />
		<Unit filename="src/graphics.c">
			<Option compilerVar="CC" />
			<Option target="Debug" />
			<Option target="Release" />
			<Option target="Check (Linux-C99)" />
			<Option target="Strict (Linux-SB-Allegro4)" />
			<Option target="Debug (MingW32-NET)" />
			<Option target="Debug (Linux-SB-Curses)" />
			<Option target="Debug (Linux-SB-Allegro4)" />
			<Option target="Debug (Linux-NET-Allegro4)" />
			<Option target="Debug (Linux-NET-SDL)" />
			<Option target="Debug (Linux-SHM-Allegro4)" />
			<Option target="Debug (Linux-Allegro4-CLANG)" />
			<Option target="Debug (Linux-Allegro4-TCC)" />
			<Option target="Debug (Linux-Curses-Threaded)" />
			<Option target="Release (Linux-Allegro4)" />
			<Option target="Check (Linux-C89)" />
			<Option target="Debug (Emscripten-NET-SDL)" />
			<Option target="Debug (MingW32-SB)" />
			<Option target="Debug (MingW32-NET-SDL)" />
			<Option target="Debug (MingW32-NET-Allegro4)" />
			<Option target="Debug (Linux-NET-Allegro4-TLS)" />
			<Option target="Debug (Palm-SB)" />
			<Option target="Strict (Linux-NET-Allegro4)" />
			<Option target="Debug (Linux-NET-Curses)" />
		</Unit>
		<Unit filename="src/graphics.h" />
		<Unit filename="src/graphics/allegrog.c">
			<Option compilerVar="CC" />
			<Option target="Strict (Linux-SB-Allegro4)" />
			<Option target="Debug (MingW32-NET-Allegro4)" />
			<Option target="Debug (Linux-SB-Allegro4)" />
			<Option target="Debug (Linux-NET-Allegro4)" />
			<Option target="Debug (Linux-NET-Allegro4-TLS)" />
			<Option target="Debug (Linux-SHM-Allegro4)" />
			<Option target="Debug (Linux-Allegro4-CLANG)" />
			<Option target="Debug (Linux-Allegro4-TCC)" />
			<Option target="Release (Linux-Allegro4)" />
			<Option target="Strict (Linux-NET-Allegro4)" />
		</Unit>
		<Unit filename="src/graphics/cursesg.c">
			<Option compilerVar="CC" />
			<Option target="Debug (Linux-SB-Curses)" />
			<Option target="Debug (Linux-NET-Curses)" />
			<Option target="Debug (Linux-Curses-Threaded)" />
		</Unit>
		<Unit filename="src/graphics/nullg.c">
			<Option compilerVar="CC" />
			<Option target="Check (Linux-C99)" />
			<Option target="Check (Linux-C89)" />
			<Option target="Debug (Palm-SB)" />
		</Unit>
		<Unit filename="src/graphics/sdlg.c">
			<Option compilerVar="CC" />
			<Option target="Debug (Linux-NET-SDL)" />
			<Option target="Debug (Emscripten-NET-SDL)" />
			<Option target="Debug (MingW32-NET-SDL)" />
		</Unit>
		<Unit filename="src/graphics/win32g.c">
			<Option compilerVar="CC" />
			<Option target="Debug (MingW32-NET)" />
			<Option target="Debug (MingW32-SB)" />
		</Unit>
		<Unit filename="src/hashmap.c">
			<Option compilerVar="CC" />
		</Unit>
		<Unit filename="src/hashmap.h" />
		<Unit filename="src/hs/hs_com.h">
			<Option target="Debug" />
			<Option target="Release" />
			<Option target="Check (Linux-C99)" />
			<Option target="Check (Linux-C89)" />
			<Option target="Debug (MingW32-NET)" />
			<Option target="Debug (MingW32-NET-Allegro4)" />
			<Option target="Debug (MingW32-NET-SDL)" />
			<Option target="Debug (MingW32-SB)" />
			<Option target="Debug (Linux-SB-Allegro4)" />
			<Option target="Debug (Linux-NET-Allegro4)" />
			<Option target="Debug (Linux-NET-Allegro4-TLS)" />
			<Option target="Debug (Linux-NET-SDL)" />
			<Option target="Debug (Linux-Allegro4-CLANG)" />
			<Option target="Debug (Linux-Allegro4-TCC)" />
			<Option target="Debug (Linux-Curses-Threaded)" />
			<Option target="Release (Linux-Allegro4)" />
			<Option target="Debug (Linux-NET-Server)" />
			<Option target="Debug (Emscripten-NET-SDL)" />
			<Option target="Debug (Linux-NET-Curses)" />
		</Unit>
		<Unit filename="src/hs/hs_conf.h">
			<Option target="Debug" />
			<Option target="Release" />
			<Option target="Check (Linux-C99)" />
			<Option target="Check (Linux-C89)" />
			<Option target="Debug (MingW32-NET)" />
			<Option target="Debug (MingW32-NET-Allegro4)" />
			<Option target="Debug (MingW32-NET-SDL)" />
			<Option target="Debug (MingW32-SB)" />
			<Option target="Debug (Linux-SB-Allegro4)" />
			<Option target="Debug (Linux-NET-Allegro4)" />
			<Option target="Debug (Linux-NET-Allegro4-TLS)" />
			<Option target="Debug (Linux-NET-SDL)" />
			<Option target="Debug (Linux-Allegro4-CLANG)" />
			<Option target="Debug (Linux-Allegro4-TCC)" />
			<Option target="Debug (Linux-Curses-Threaded)" />
			<Option target="Release (Linux-Allegro4)" />
			<Option target="Debug (Linux-NET-Server)" />
			<Option target="Debug (Emscripten-NET-SDL)" />
			<Option target="Debug (Linux-NET-Curses)" />
		</Unit>
		<Unit filename="src/hs/hsdecode.c">
			<Option compilerVar="CC" />
			<Option target="Debug" />
			<Option target="Release" />
			<Option target="Check (Linux-C99)" />
			<Option target="Check (Linux-C89)" />
			<Option target="Debug (MingW32-NET)" />
			<Option target="Debug (MingW32-NET-Allegro4)" />
			<Option target="Debug (MingW32-NET-SDL)" />
			<Option target="Debug (MingW32-SB)" />
			<Option target="Debug (Linux-SB-Allegro4)" />
			<Option target="Debug (Linux-NET-Allegro4)" />
			<Option target="Debug (Linux-NET-Allegro4-TLS)" />
			<Option target="Debug (Linux-NET-SDL)" />
			<Option target="Debug (Linux-Allegro4-CLANG)" />
			<Option target="Debug (Linux-Allegro4-TCC)" />
			<Option target="Debug (Linux-Curses-Threaded)" />
			<Option target="Release (Linux-Allegro4)" />
			<Option target="Debug (Linux-NET-Server)" />
			<Option target="Debug (Emscripten-NET-SDL)" />
			<Option target="Debug (Linux-NET-Curses)" />
		</Unit>
		<Unit filename="src/hs/hsdecode.h">
			<Option target="Debug" />
			<Option target="Release" />
			<Option target="Check (Linux-C99)" />
			<Option target="Check (Linux-C89)" />
			<Option target="Debug (MingW32-NET)" />
			<Option target="Debug (MingW32-NET-Allegro4)" />
			<Option target="Debug (MingW32-NET-SDL)" />
			<Option target="Debug (MingW32-SB)" />
			<Option target="Debug (Linux-SB-Allegro4)" />
			<Option target="Debug (Linux-NET-Allegro4)" />
			<Option target="Debug (Linux-NET-Allegro4-TLS)" />
			<Option target="Debug (Linux-NET-SDL)" />
			<Option target="Debug (Linux-Allegro4-CLANG)" />
			<Option target="Debug (Linux-Allegro4-TCC)" />
			<Option target="Debug (Linux-Curses-Threaded)" />
			<Option target="Release (Linux-Allegro4)" />
			<Option target="Debug (Linux-NET-Server)" />
			<Option target="Debug (Emscripten-NET-SDL)" />
			<Option target="Debug (Linux-NET-Curses)" />
		</Unit>
		<Unit filename="src/hs/hsencode.c">
			<Option compilerVar="CC" />
			<Option target="Debug" />
			<Option target="Release" />
			<Option target="Check (Linux-C99)" />
			<Option target="Check (Linux-C89)" />
			<Option target="Debug (MingW32-NET)" />
			<Option target="Debug (MingW32-NET-Allegro4)" />
			<Option target="Debug (MingW32-NET-SDL)" />
			<Option target="Debug (MingW32-SB)" />
			<Option target="Debug (Linux-SB-Allegro4)" />
			<Option target="Debug (Linux-NET-Allegro4)" />
			<Option target="Debug (Linux-NET-Allegro4-TLS)" />
			<Option target="Debug (Linux-NET-SDL)" />
			<Option target="Debug (Linux-Allegro4-CLANG)" />
			<Option target="Debug (Linux-Allegro4-TCC)" />
			<Option target="Debug (Linux-Curses-Threaded)" />
			<Option target="Release (Linux-Allegro4)" />
			<Option target="Debug (Linux-NET-Server)" />
			<Option target="Debug (Emscripten-NET-SDL)" />
			<Option target="Debug (Linux-NET-Curses)" />
		</Unit>
		<Unit filename="src/hs/hsencode.h">
			<Option target="Debug" />
			<Option target="Release" />
			<Option target="Check (Linux-C99)" />
			<Option target="Check (Linux-C89)" />
			<Option target="Debug (MingW32-NET)" />
			<Option target="Debug (MingW32-NET-Allegro4)" />
			<Option target="Debug (MingW32-NET-SDL)" />
			<Option target="Debug (MingW32-SB)" />
			<Option target="Debug (Linux-SB-Allegro4)" />
			<Option target="Debug (Linux-NET-Allegro4)" />
			<Option target="Debug (Linux-NET-Allegro4-TLS)" />
			<Option target="Debug (Linux-NET-SDL)" />
			<Option target="Debug (Linux-Allegro4-CLANG)" />
			<Option target="Debug (Linux-Allegro4-TCC)" />
			<Option target="Debug (Linux-Curses-Threaded)" />
			<Option target="Release (Linux-Allegro4)" />
			<Option target="Debug (Linux-NET-Server)" />
			<Option target="Debug (Emscripten-NET-SDL)" />
			<Option target="Debug (Linux-NET-Curses)" />
		</Unit>
		<Unit filename="src/htmlrend.c">
			<Option compilerVar="CC" />
		</Unit>
		<Unit filename="src/htmtree.c">
			<Option compilerVar="CC" />
		</Unit>
		<Unit filename="src/htmtree.h" />
		<Unit filename="src/input.h" />
		<Unit filename="src/input/allegroi.c">
			<Option compilerVar="CC" />
			<Option target="Strict (Linux-SB-Allegro4)" />
			<Option target="Debug (MingW32-NET-Allegro4)" />
			<Option target="Debug (Linux-SB-Allegro4)" />
			<Option target="Debug (Linux-NET-Allegro4)" />
			<Option target="Debug (Linux-NET-Allegro4-TLS)" />
			<Option target="Debug (Linux-SHM-Allegro4)" />
			<Option target="Debug (Linux-Allegro4-CLANG)" />
			<Option target="Debug (Linux-Allegro4-TCC)" />
			<Option target="Release (Linux-Allegro4)" />
			<Option target="Strict (Linux-NET-Allegro4)" />
		</Unit>
		<Unit filename="src/input/cursesi.c">
			<Option compilerVar="CC" />
			<Option target="Debug (Linux-SB-Curses)" />
			<Option target="Debug (Linux-NET-Curses)" />
			<Option target="Debug (Linux-Curses-Threaded)" />
		</Unit>
		<Unit filename="src/input/nulli.c">
			<Option compilerVar="CC" />
			<Option target="Check (Linux-C99)" />
			<Option target="Check (Linux-C89)" />
			<Option target="Debug (Palm-SB)" />
		</Unit>
		<Unit filename="src/input/sdli.c">
			<Option compilerVar="CC" />
			<Option target="Debug (Linux-NET-SDL)" />
			<Option target="Debug (Emscripten-NET-SDL)" />
			<Option target="Debug (MingW32-NET-SDL)" />
		</Unit>
		<Unit filename="src/input/win32i.c">
			<Option compilerVar="CC" />
			<Option target="Debug (MingW32-NET)" />
			<Option target="Debug (MingW32-SB)" />
		</Unit>
		<Unit filename="src/ipc.h" />
		<Unit filename="src/ipc/netipc.c">
			<Option compilerVar="CC" />
			<Option target="Strict (Linux-NET-Allegro4)" />
			<Option target="Debug (MingW32-NET)" />
			<Option target="Debug (MingW32-NET-Allegro4)" />
			<Option target="Debug (MingW32-NET-SDL)" />
			<Option target="Debug (Linux-NET-Curses)" />
			<Option target="Debug (Linux-NET-Allegro4)" />
			<Option target="Debug (Linux-NET-Allegro4-TLS)" />
			<Option target="Debug (Linux-NET-SDL)" />
			<Option target="Debug (Linux-NET-Server)" />
			<Option target="Debug (Emscripten-NET-SDL)" />
			<Option target="Release (Linux-Allegro4)" />
		</Unit>
		<Unit filename="src/ipc/shmipc.c">
			<Option compilerVar="CC" />
			<Option target="Debug (Linux-SHM-Allegro4)" />
		</Unit>
		<Unit filename="src/ipc/syncbuff.c">
			<Option compilerVar="CC" />
			<Option target="Check (Linux-C99)" />
			<Option target="Strict (Linux-SB-Allegro4)" />
			<Option target="Debug (MingW32-NET)" />
			<Option target="Debug (Linux-SB-Curses)" />
			<Option target="Debug (Linux-SB-Allegro4)" />
			<Option target="Debug (Linux-Allegro4-CLANG)" />
			<Option target="Debug (Linux-Allegro4-TCC)" />
			<Option target="Debug (Linux-Curses-Threaded)" />
			<Option target="Check (Linux-C89)" />
			<Option target="Debug (MingW32-SB)" />
		</Unit>
		<Unit filename="src/item.c">
			<Option compilerVar="CC" />
		</Unit>
		<Unit filename="src/item.h" />
		<Unit filename="src/main.c">
			<Option compilerVar="CC" />
			<Option target="Debug" />
			<Option target="Release" />
			<Option target="Debug (Linux-SB-Curses)" />
			<Option target="Debug (Linux-Curses-Threaded)" />
			<Option target="Debug (Linux-SB-Allegro4)" />
			<Option target="Strict (Linux-SB-Allegro4)" />
			<Option target="Debug (Linux-Allegro4-TCC)" />
			<Option target="Debug (Linux-Allegro4-CLANG)" />
			<Option target="Debug (Linux-SHM-Allegro4)" />
			<Option target="Debug (MingW32-NET)" />
			<Option target="Release (Linux-Allegro4)" />
			<Option target="Debug (Linux-NET-Allegro4)" />
			<Option target="Debug (Linux-NET-SDL)" />
			<Option target="Debug (Linux-NET-Server)" />
			<Option target="Debug (Emscripten-NET-SDL)" />
			<Option target="Debug (MingW32-SB)" />
			<Option target="Debug (MingW32-NET-SDL)" />
			<Option target="Debug (MingW32-NET-Allegro4)" />
			<Option target="Debug (Linux-NET-Allegro4-TLS)" />
			<Option target="Debug (Palm-SB)" />
			<Option target="Strict (Linux-NET-Allegro4)" />
			<Option target="Debug (Linux-NET-Curses)" />
		</Unit>
		<Unit filename="src/mem.c">
			<Option compilerVar="CC" />
		</Unit>
		<Unit filename="src/mem.h" />
		<Unit filename="src/mobile.c">
			<Option compilerVar="CC" />
		</Unit>
		<Unit filename="src/mobile.h" />
		<Unit filename="src/mode.c">
			<Option compilerVar="CC" />
		</Unit>
		<Unit filename="src/mode.h" />
		<Unit filename="src/mode/local2d.c">
			<Option compilerVar="CC" />
			<Option target="Debug" />
			<Option target="Release" />
			<Option target="Check (Linux-C99)" />
			<Option target="Check (Linux-C89)" />
			<Option target="Strict (Linux-SB-Allegro4)" />
			<Option target="Strict (Linux-NET-Allegro4)" />
			<Option target="Debug (MingW32-NET)" />
			<Option target="Debug (MingW32-NET-Allegro4)" />
			<Option target="Debug (MingW32-NET-SDL)" />
			<Option target="Debug (MingW32-SB)" />
			<Option target="Debug (Linux-SB-Curses)" />
			<Option target="Debug (Linux-NET-Curses)" />
			<Option target="Debug (Linux-SB-Allegro4)" />
			<Option target="Debug (Linux-NET-Allegro4)" />
			<Option target="Debug (Linux-NET-Allegro4-TLS)" />
			<Option target="Debug (Linux-NET-SDL)" />
			<Option target="Debug (Linux-SHM-Allegro4)" />
			<Option target="Debug (Linux-Allegro4-CLANG)" />
			<Option target="Debug (Linux-Allegro4-TCC)" />
			<Option target="Debug (Linux-Curses-Threaded)" />
			<Option target="Release (Linux-Allegro4)" />
			<Option target="Debug (Linux-NET-Server)" />
			<Option target="Debug (Emscripten-NET-SDL)" />
		</Unit>
		<Unit filename="src/mode/localiso.c">
			<Option compilerVar="CC" />
		</Unit>
		<Unit filename="src/mode/localray.c">
			<Option compilerVar="CC" />
			<Option target="Debug" />
			<Option target="Release" />
			<Option target="Check (Linux-C99)" />
			<Option target="Check (Linux-C89)" />
			<Option target="Strict (Linux-SB-Allegro4)" />
			<Option target="Strict (Linux-NET-Allegro4)" />
			<Option target="Debug (MingW32-NET)" />
			<Option target="Debug (MingW32-NET-Allegro4)" />
			<Option target="Debug (MingW32-NET-SDL)" />
			<Option target="Debug (MingW32-SB)" />
			<Option target="Debug (Linux-SB-Curses)" />
			<Option target="Debug (Linux-NET-Curses)" />
			<Option target="Debug (Linux-SB-Allegro4)" />
			<Option target="Debug (Linux-NET-Allegro4)" />
			<Option target="Debug (Linux-NET-Allegro4-TLS)" />
			<Option target="Debug (Linux-NET-SDL)" />
			<Option target="Debug (Linux-SHM-Allegro4)" />
			<Option target="Debug (Linux-Allegro4-CLANG)" />
			<Option target="Debug (Linux-Allegro4-TCC)" />
			<Option target="Debug (Linux-Curses-Threaded)" />
			<Option target="Release (Linux-Allegro4)" />
			<Option target="Debug (Linux-NET-Server)" />
			<Option target="Debug (Emscripten-NET-SDL)" />
		</Unit>
		<Unit filename="src/mode/pov.h" />
		<Unit filename="src/mode/topdown.h" />
		<Unit filename="src/proto.h" />
		<Unit filename="src/proto/irc.c">
			<Option compilerVar="CC" />
			<Option target="Debug" />
			<Option target="Release" />
			<Option target="Check (Linux-C99)" />
			<Option target="Check (Linux-C89)" />
			<Option target="Strict (Linux-SB-Allegro4)" />
			<Option target="Strict (Linux-NET-Allegro4)" />
			<Option target="Debug (MingW32-NET)" />
			<Option target="Debug (MingW32-NET-Allegro4)" />
			<Option target="Debug (MingW32-NET-SDL)" />
			<Option target="Debug (MingW32-SB)" />
			<Option target="Debug (Linux-SB-Curses)" />
			<Option target="Debug (Linux-NET-Curses)" />
			<Option target="Debug (Linux-SB-Allegro4)" />
			<Option target="Debug (Linux-NET-Allegro4)" />
			<Option target="Debug (Linux-NET-Allegro4-TLS)" />
			<Option target="Debug (Linux-NET-SDL)" />
			<Option target="Debug (Linux-Allegro4-CLANG)" />
			<Option target="Debug (Linux-Allegro4-TCC)" />
			<Option target="Debug (Linux-Curses-Threaded)" />
			<Option target="Release (Linux-Allegro4)" />
			<Option target="Debug (Linux-NET-Server)" />
			<Option target="Debug (Emscripten-NET-SDL)" />
			<Option target="Debug (Palm-SB)" />
		</Unit>
		<Unit filename="src/proto/shmp.c">
			<Option compilerVar="CC" />
			<Option target="Debug (Linux-SHM-Allegro4)" />
		</Unit>
		<Unit filename="src/ref.h" />
		<Unit filename="src/rng.c">
			<Option compilerVar="CC" />
		</Unit>
		<Unit filename="src/rng.h" />
		<Unit filename="src/savestat.c">
			<Option compilerVar="CC" />
		</Unit>
		<Unit filename="src/savestat.h" />
		<Unit filename="src/savestat/s_bindmp.c">
			<Option compilerVar="CC" />
		</Unit>
		<Unit filename="src/savestat/s_sqlite.c">
			<Option compilerVar="CC" />
		</Unit>
		<Unit filename="src/scaffold.c">
			<Option compilerVar="CC" />
		</Unit>
		<Unit filename="src/scaffold.h" />
		<Unit filename="src/sections.h">
			<Option target="Debug (Palm-SB)" />
		</Unit>
		<Unit filename="src/server.c">
			<Option compilerVar="CC" />
		</Unit>
		<Unit filename="src/server.h" />
		<Unit filename="src/tilemap.c">
			<Option compilerVar="CC" />
		</Unit>
		<Unit filename="src/tilemap.h" />
		<Unit filename="src/tinypy/tinypy.c">
			<Option compilerVar="CC" />
			<Option target="Debug" />
			<Option target="Release" />
			<Option target="Check (Linux-C99)" />
			<Option target="Debug (Linux-SB-Curses)" />
			<Option target="Debug (Linux-SB-Allegro4)" />
			<Option target="Debug (Linux-NET-Allegro4)" />
			<Option target="Debug (Linux-Allegro4-CLANG)" />
			<Option target="Debug (Linux-Allegro4-TCC)" />
			<Option target="Debug (Linux-Curses-Threaded)" />
			<Option target="Release (Linux-Allegro4)" />
			<Option target="Debug (Linux-NET-SDL)" />
			<Option target="Debug (Linux-NET-Server)" />
			<Option target="Check (Linux-C89)" />
			<Option target="Debug (Emscripten-NET-SDL)" />
			<Option target="Debug (MingW32-NET-SDL)" />
			<Option target="Debug (MingW32-NET-Allegro4)" />
			<Option target="Debug (Linux-NET-Allegro4-TLS)" />
			<Option target="Debug (Linux-NET-Curses)" />
		</Unit>
		<Unit filename="src/tinypy/tinypy.h">
			<Option target="Debug" />
			<Option target="Release" />
			<Option target="Check (Linux-C99)" />
			<Option target="Debug (Linux-SB-Curses)" />
			<Option target="Debug (Linux-SB-Allegro4)" />
			<Option target="Debug (Linux-NET-Allegro4)" />
			<Option target="Debug (Linux-Allegro4-CLANG)" />
			<Option target="Debug (Linux-Allegro4-TCC)" />
			<Option target="Debug (Linux-Curses-Threaded)" />
			<Option target="Release (Linux-Allegro4)" />
			<Option target="Debug (Linux-NET-SDL)" />
			<Option target="Debug (Linux-NET-Server)" />
			<Option target="Check (Linux-C89)" />
			<Option target="Debug (Emscripten-NET-SDL)" />
			<Option target="Debug (MingW32-NET-SDL)" />
			<Option target="Debug (MingW32-NET-Allegro4)" />
			<Option target="Debug (Linux-NET-Allegro4-TLS)" />
			<Option target="Debug (Linux-NET-Curses)" />
		</Unit>
		<Unit filename="src/tnacl.c">
			<Option compilerVar="CC" />
			<Option target="Debug" />
			<Option target="Release" />
			<Option target="Check (Linux-C99)" />
			<Option target="Debug (MingW32-NET)" />
			<Option target="Debug (Linux-SB-Curses)" />
			<Option target="Debug (Linux-SB-Allegro4)" />
			<Option target="Debug (Linux-NET-Allegro4)" />
			<Option target="Debug (Linux-NET-SDL)" />
			<Option target="Debug (Linux-Allegro4-CLANG)" />
			<Option target="Debug (Linux-Allegro4-TCC)" />
			<Option target="Debug (Linux-Curses-Threaded)" />
			<Option target="Release (Linux-Allegro4)" />
			<Option target="Debug (Linux-NET-Server)" />
			<Option target="Debug (Emscripten-NET-SDL)" />
			<Option target="Debug (MingW32-SB)" />
			<Option target="Debug (MingW32-NET-SDL)" />
			<Option target="Debug (MingW32-NET-Allegro4)" />
			<Option target="Debug (Linux-NET-Allegro4-TLS)" />
			<Option target="Debug (Linux-NET-Curses)" />
		</Unit>
		<Unit filename="src/tnacl.h">
			<Option target="Debug" />
			<Option target="Release" />
			<Option target="Check (Linux-C99)" />
			<Option target="Debug (MingW32-NET)" />
			<Option target="Debug (Linux-SB-Curses)" />
			<Option target="Debug (Linux-SB-Allegro4)" />
			<Option target="Debug (Linux-NET-Allegro4)" />
			<Option target="Debug (Linux-NET-SDL)" />
			<Option target="Debug (Linux-Allegro4-CLANG)" />
			<Option target="Debug (Linux-Allegro4-TCC)" />
			<Option target="Debug (Linux-Curses-Threaded)" />
			<Option target="Release (Linux-Allegro4)" />
			<Option target="Debug (Linux-NET-Server)" />
			<Option target="Debug (Emscripten-NET-SDL)" />
			<Option target="Debug (MingW32-SB)" />
			<Option target="Debug (MingW32-NET-SDL)" />
			<Option target="Debug (MingW32-NET-Allegro4)" />
			<Option target="Debug (Linux-NET-Allegro4-TLS)" />
			<Option target="Debug (Linux-NET-Curses)" />
		</Unit>
		<Unit filename="src/twindow.c">
			<Option compilerVar="CC" />
		</Unit>
		<Unit filename="src/twindow.h" />
		<Unit filename="src/ui.h" />
		<Unit filename="src/ui/cursesu.c">
			<Option compilerVar="CC" />
			<Option target="Debug (Linux-SB-Curses)" />
			<Option target="Debug (Linux-NET-Curses)" />
		</Unit>
		<Unit filename="src/ui/graphicu.c">
			<Option compilerVar="CC" />
			<Option target="Debug" />
			<Option target="Release" />
			<Option target="Check (Linux-C99)" />
			<Option target="Strict (Linux-SB-Allegro4)" />
			<Option target="Debug (Linux-SB-Allegro4)" />
			<Option target="Debug (Linux-NET-Allegro4)" />
			<Option target="Debug (Linux-SHM-Allegro4)" />
			<Option target="Debug (Linux-Allegro4-CLANG)" />
			<Option target="Debug (Linux-Allegro4-TCC)" />
			<Option target="Debug (Linux-Curses-Threaded)" />
			<Option target="Release (Linux-Allegro4)" />
			<Option target="Debug (Linux-NET-SDL)" />
			<Option target="Check (Linux-C89)" />
			<Option target="Debug (Emscripten-NET-SDL)" />
			<Option target="Debug (MingW32-NET)" />
			<Option target="Debug (MingW32-SB)" />
			<Option target="Debug (MingW32-NET-SDL)" />
			<Option target="Debug (MingW32-NET-Allegro4)" />
			<Option target="Debug (Linux-NET-Allegro4-TLS)" />
			<Option target="Debug (Palm-SB)" />
			<Option target="Strict (Linux-NET-Allegro4)" />
		</Unit>
		<Unit filename="src/ui/win32u.c">
			<Option compilerVar="CC" />
			<Option target="&lt;{~None~}&gt;" />
		</Unit>
		<Unit filename="src/vector.c">
			<Option compilerVar="CC" />
		</Unit>
		<Unit filename="src/vector.h" />
		<Unit filename="src/vm.h">
			<Option target="Debug" />
			<Option target="Release" />
			<Option target="Debug (MingW32-NET)" />
			<Option target="Debug (MingW32-NET-SDL)" />
			<Option target="Debug (MingW32-SB)" />
			<Option target="Debug (Linux-SB-Curses)" />
			<Option target="Debug (Linux-SB-Allegro4)" />
			<Option target="Debug (Linux-NET-Allegro4)" />
			<Option target="Debug (Linux-NET-SDL)" />
			<Option target="Debug (Linux-Allegro4-CLANG)" />
			<Option target="Debug (Linux-Curses-Threaded)" />
			<Option target="Release (Linux-Allegro4)" />
			<Option target="Debug (Linux-NET-Server)" />
			<Option target="Debug (Emscripten-NET-SDL)" />
			<Option target="Debug (MingW32-NET-Allegro4)" />
			<Option target="Debug (Linux-NET-Allegro4-TLS)" />
			<Option target="Debug (Linux-NET-Curses)" />
		</Unit>
		<Unit filename="src/vm/duktapev.c">
			<Option compilerVar="CC" />
			<Option target="Debug" />
			<Option target="Release" />
			<Option target="Debug (MingW32-NET)" />
			<Option target="Debug (MingW32-NET-SDL)" />
			<Option target="Debug (MingW32-SB)" />
			<Option target="Debug (Linux-SB-Curses)" />
			<Option target="Debug (Linux-SB-Allegro4)" />
			<Option target="Debug (Linux-NET-Allegro4)" />
			<Option target="Debug (Linux-NET-SDL)" />
			<Option target="Debug (Linux-Allegro4-CLANG)" />
			<Option target="Debug (Linux-Curses-Threaded)" />
			<Option target="Release (Linux-Allegro4)" />
			<Option target="Debug (Linux-NET-Server)" />
			<Option target="Debug (Emscripten-NET-SDL)" />
			<Option target="Debug (MingW32-NET-Allegro4)" />
			<Option target="Debug (Linux-NET-Allegro4-TLS)" />
			<Option target="Debug (Linux-NET-Curses)" />
		</Unit>
		<Unit filename="src/windefs.h">
			<Option target="Debug" />
			<Option target="Release" />
			<Option target="Check (Linux-C99)" />
			<Option target="Check (Linux-C89)" />
			<Option target="Strict (Linux-SB-Allegro4)" />
			<Option target="Debug (MingW32-NET)" />
			<Option target="Debug (MingW32-NET-Allegro4)" />
			<Option target="Debug (MingW32-NET-SDL)" />
			<Option target="Debug (MingW32-SB)" />
			<Option target="Debug (Linux-SB-Curses)" />
			<Option target="Debug (Linux-SB-Allegro4)" />
			<Option target="Debug (Linux-NET-Allegro4)" />
			<Option target="Debug (Linux-NET-Allegro4-TLS)" />
			<Option target="Debug (Linux-NET-SDL)" />
			<Option target="Debug (Linux-SHM-Allegro4)" />
			<Option target="Debug (Linux-Allegro4-CLANG)" />
			<Option target="Debug (Linux-Allegro4-TCC)" />
			<Option target="Debug (Linux-Curses-Threaded)" />
			<Option target="Release (Linux-Allegro4)" />
			<Option target="Debug (Linux-NET-Server)" />
			<Option target="Debug (Emscripten-NET-SDL)" />
			<Option target="Strict (Linux-NET-Allegro4)" />
			<Option target="Debug (Linux-NET-Curses)" />
		</Unit>
		<Unit filename="test/check_b64.c">
			<Option compilerVar="CC" />
			<Option target="Check (Linux-C99)" />
			<Option target="Check (Linux-C89)" />
		</Unit>
		<Unit filename="test/check_channel.c">
			<Option compilerVar="CC" />
			<Option target="Check (Linux-C99)" />
			<Option target="Check (Linux-C89)" />
		</Unit>
		<Unit filename="test/check_chunker.c">
			<Option compilerVar="CC" />
			<Option target="Check (Linux-C99)" />
			<Option target="Check (Linux-C89)" />
		</Unit>
		<Unit filename="test/check_client.c">
			<Option compilerVar="CC" />
			<Option target="Check (Linux-C99)" />
			<Option target="Check (Linux-C89)" />
		</Unit>
		<Unit filename="test/check_data.c">
			<Option compilerVar="CC" />
			<Option target="Check (Linux-C99)" />
			<Option target="Check (Linux-C89)" />
		</Unit>
		<Unit filename="test/check_data.h">
			<Option target="Check (Linux-C99)" />
			<Option target="Check (Linux-C89)" />
		</Unit>
		<Unit filename="test/check_hashmap.c">
			<Option compilerVar="CC" />
			<Option target="Check (Linux-C99)" />
			<Option target="Check (Linux-C89)" />
		</Unit>
		<Unit filename="test/check_main.c">
			<Option compilerVar="CC" />
			<Option target="Check (Linux-C99)" />
			<Option target="Check (Linux-C89)" />
		</Unit>
		<Unit filename="test/check_ray.c">
			<Option compilerVar="CC" />
			<Option target="Check (Linux-C99)" />
			<Option target="Check (Linux-C89)" />
		</Unit>
		<Unit filename="test/check_syncbuff.c">
			<Option compilerVar="CC" />
			<Option target="Check (Linux-C99)" />
			<Option target="Check (Linux-C89)" />
		</Unit>
		<Unit filename="test/check_vector.c">
			<Option compilerVar="CC" />
			<Option target="Check (Linux-C99)" />
			<Option target="Check (Linux-C89)" />
		</Unit>
		<Extensions>
			<code_completion />
			<debugger />
			<envvars set="check_no_fork" />
			<editor_config active="1" use_tabs="0" tab_indents="1" tab_width="3" indent="3" eol_mode="2" />
			<DoxyBlocks>
				<comment_style block="0" line="0" />
				<doxyfile_project />
				<doxyfile_build />
				<doxyfile_warnings />
				<doxyfile_output man="1" />
				<doxyfile_dot />
				<general />
			</DoxyBlocks>
		</Extensions>
	</Project>
</CodeBlocks_project_file>
